<?xml version="1.0" encoding="utf-8"?>
<Project ToolsVersion="4.0" xmlns="http://schemas.microsoft.com/developer/msbuild/2003">
  <ItemGroup>
    <Filter Include="Source Files">
      <UniqueIdentifier>{cddcb658-3994-44e0-a9b2-8f4a046b70de}</UniqueIdentifier>
      <Extensions>cpp;c;cxx;rc;def;r;odl;idl;hpj;bat;for;f90</Extensions>
    </Filter>
    <Filter Include="Header Files">
      <UniqueIdentifier>{83b8360d-43c5-449d-9833-2d0f34218395}</UniqueIdentifier>
      <Extensions>h;hpp;hxx;hm;inl;fi;fd</Extensions>
    </Filter>
    <Filter Include="Resource Files">
      <UniqueIdentifier>{86ecb2e4-40e5-4f0a-882a-6922e6245e6d}</UniqueIdentifier>
      <Extensions>ico;cur;bmp;dlg;rc2;rct;bin;cnt;rtf;gif;jpg;jpeg;jpe</Extensions>
    </Filter>
  </ItemGroup>
  <ItemGroup>
    <ClCompile Include="CDisplay.cpp">
      <Filter>Source Files</Filter>
    </ClCompile>
    <ClCompile Include="CFileStr.cpp">
      <Filter>Source Files</Filter>
    </ClCompile>
    <ClCompile Include="CHistgrm.cpp">
      <Filter>Source Files</Filter>
    </ClCompile>
    <ClCompile Include="CImagVew.cpp">
      <Filter>Source Files</Filter>
    </ClCompile>
    <ClCompile Include="CImagWin.cpp">
      <Filter>Source Files</Filter>
    </ClCompile>
    <ClCompile Include="CPalette.cpp">
      <Filter>Source Files</Filter>
    </ClCompile>
    <ClCompile Include="CProcess.cpp">
      <Filter>Source Files</Filter>
    </ClCompile>
    <ClCompile Include="CStubs.cpp">
      <Filter>Source Files</Filter>
    </ClCompile>
    <ClCompile Include="CUtility.cpp">
      <Filter>Source Files</Filter>
    </ClCompile>
    <ClCompile Include="CWinInfo.cpp">
      <Filter>Source Files</Filter>
    </ClCompile>
    <ClCompile Include="IniReader.cpp">
      <Filter>Source Files</Filter>
    </ClCompile>
    <ClCompile Include="IniWriter.cpp">
      <Filter>Source Files</Filter>
    </ClCompile>
    <ClCompile Include="SArcView.cpp">
      <Filter>Source Files</Filter>
    </ClCompile>
    <ClCompile Include="SAuxEcho.cpp">
      <Filter>Source Files</Filter>
    </ClCompile>
    <ClCompile Include="SAuxSpec.cpp">
      <Filter>Source Files</Filter>
    </ClCompile>
    <ClCompile Include="SClasfy2.cpp">
      <Filter>Source Files</Filter>
    </ClCompile>
    <ClCompile Include="SClassfy.cpp">
      <Filter>Source Files</Filter>
    </ClCompile>
    <ClCompile Include="SCluster.cpp">
      <Filter>Source Files</Filter>
    </ClCompile>
    <ClCompile Include="SClustID.cpp">
      <Filter>Source Files</Filter>
    </ClCompile>
    <ClCompile Include="SClustSP.cpp">
      <Filter>Source Files</Filter>
    </ClCompile>
    <ClCompile Include="SCooView.cpp">
      <Filter>Source Files</Filter>
    </ClCompile>
    <ClCompile Include="SDatFile.cpp">
      <Filter>Source Files</Filter>
    </ClCompile>
    <ClCompile Include="SDis1624.cpp">
      <Filter>Source Files</Filter>
    </ClCompile>
    <ClCompile Include="SDisInfo.cpp">
      <Filter>Source Files</Filter>
    </ClCompile>
    <ClCompile Include="SDisMulc.cpp">
      <Filter>Source Files</Filter>
    </ClCompile>
    <ClCompile Include="SDisplay.cpp">
      <Filter>Source Files</Filter>
    </ClCompile>
    <ClCompile Include="SDisplay4_8ByteData.cpp">
      <Filter>Source Files</Filter>
    </ClCompile>
    <ClCompile Include="SDisThem.cpp">
      <Filter>Source Files</Filter>
    </ClCompile>
    <ClCompile Include="SDlgUtil.cpp">
      <Filter>Source Files</Filter>
    </ClCompile>
    <ClCompile Include="SEchoSpc.cpp">
      <Filter>Source Files</Filter>
    </ClCompile>
    <ClCompile Include="SEClssfy.cpp">
      <Filter>Source Files</Filter>
    </ClCompile>
    <ClCompile Include="SEdtStat.cpp">
      <Filter>Source Files</Filter>
    </ClCompile>
    <ClCompile Include="SEMemory.cpp">
      <Filter>Source Files</Filter>
    </ClCompile>
    <ClCompile Include="SEPhase.cpp">
      <Filter>Source Files</Filter>
    </ClCompile>
    <ClCompile Include="SFeatExt.cpp">
      <Filter>Source Files</Filter>
    </ClCompile>
    <ClCompile Include="SFeatSel.cpp">
      <Filter>Source Files</Filter>
    </ClCompile>
    <ClCompile Include="SFieldsT.cpp">
      <Filter>Source Files</Filter>
    </ClCompile>
    <ClCompile Include="SFileIO.cpp">
      <Filter>Source Files</Filter>
    </ClCompile>
    <ClCompile Include="SGaiaUtl.cpp">
      <Filter>Source Files</Filter>
    </ClCompile>
    <ClCompile Include="SGDALInterface.cpp">
      <Filter>Source Files</Filter>
    </ClCompile>
    <ClCompile Include="SGeoTIFF.cpp">
      <Filter>Source Files</Filter>
    </ClCompile>
    <ClCompile Include="SGrafVew.cpp">
      <Filter>Source Files</Filter>
    </ClCompile>
    <ClCompile Include="SGraphic.cpp">
      <Filter>Source Files</Filter>
    </ClCompile>
    <ClCompile Include="SGraUtil.cpp">
      <Filter>Source Files</Filter>
    </ClCompile>
    <ClCompile Include="SHDF4.cpp">
      <Filter>Source Files</Filter>
    </ClCompile>
    <ClCompile Include="SHDF5.cpp">
      <Filter>Source Files</Filter>
    </ClCompile>
    <ClCompile Include="SHisInfo.cpp">
      <Filter>Source Files</Filter>
    </ClCompile>
    <ClCompile Include="SHistgrm.cpp">
      <Filter>Source Files</Filter>
    </ClCompile>
    <ClCompile Include="SImageOverlays.cpp">
      <Filter>Source Files</Filter>
    </ClCompile>
    <ClCompile Include="SImagine.cpp">
      <Filter>Source Files</Filter>
    </ClCompile>
    <ClCompile Include="SLooCov.cpp">
      <Filter>Source Files</Filter>
    </ClCompile>
    <ClCompile Include="SLstData.cpp">
      <Filter>Source Files</Filter>
    </ClCompile>
    <ClCompile Include="SLstRslt.cpp">
      <Filter>Source Files</Filter>
    </ClCompile>
    <ClCompile Include="SMapTran.cpp">
      <Filter>Source Files</Filter>
    </ClCompile>
    <ClCompile Include="SMask.cpp">
      <Filter>Source Files</Filter>
    </ClCompile>
    <ClCompile Include="SMatlab.cpp">
      <Filter>Source Files</Filter>
    </ClCompile>
    <ClCompile Include="SMatUtil.cpp">
      <Filter>Source Files</Filter>
    </ClCompile>
    <ClCompile Include="SMemUtil.cpp">
      <Filter>Source Files</Filter>
    </ClCompile>
    <ClCompile Include="SMenus.cpp">
      <Filter>Source Files</Filter>
    </ClCompile>
    <ClCompile Include="SMosaic.cpp">
      <Filter>Source Files</Filter>
    </ClCompile>
    <ClCompile Include="SMul.cpp">
      <Filter>Source Files</Filter>
    </ClCompile>
    <ClCompile Include="SNDFFormat.cpp">
      <Filter>Source Files</Filter>
    </ClCompile>
    <ClCompile Include="SOpenDlg.cpp">
      <Filter>Source Files</Filter>
    </ClCompile>
    <ClCompile Include="SOpnImag.cpp">
      <Filter>Source Files</Filter>
    </ClCompile>
    <ClCompile Include="SOther.cpp">
      <Filter>Source Files</Filter>
    </ClCompile>
    <ClCompile Include="SOutlineFields.cpp">
      <Filter>Source Files</Filter>
    </ClCompile>
    <ClCompile Include="SPalette.cpp">
      <Filter>Source Files</Filter>
    </ClCompile>
    <ClCompile Include="SPMatUtl.cpp">
      <Filter>Source Files</Filter>
    </ClCompile>
    <ClCompile Include="SPrinCom.cpp">
      <Filter>Source Files</Filter>
    </ClCompile>
    <ClCompile Include="SProcMem.cpp">
      <Filter>Source Files</Filter>
    </ClCompile>
    <ClCompile Include="SProject.cpp">
      <Filter>Source Files</Filter>
    </ClCompile>
    <ClCompile Include="SProjectionAlgorithms.cpp">
      <Filter>Source Files</Filter>
    </ClCompile>
    <ClCompile Include="SProjectUtilities.cpp">
      <Filter>Source Files</Filter>
    </ClCompile>
    <ClCompile Include="SProjFIO.cpp">
      <Filter>Source Files</Filter>
    </ClCompile>
    <ClCompile Include="SProjPur.cpp">
      <Filter>Source Files</Filter>
    </ClCompile>
    <ClCompile Include="SRecThem.cpp">
      <Filter>Source Files</Filter>
    </ClCompile>
    <ClCompile Include="SRectification.cpp">
      <Filter>Source Files</Filter>
    </ClCompile>
    <ClCompile Include="SReform1.cpp">
      <Filter>Source Files</Filter>
    </ClCompile>
    <ClCompile Include="SReform2.cpp">
      <Filter>Source Files</Filter>
    </ClCompile>
    <ClCompile Include="SRegistration.cpp">
      <Filter>Source Files</Filter>
    </ClCompile>
    <ClCompile Include="SSaveWrt.cpp">
      <Filter>Source Files</Filter>
    </ClCompile>
    <ClCompile Include="SSelectionUtility.cpp">
      <Filter>Source Files</Filter>
    </ClCompile>
    <ClCompile Include="SSelGraf.cpp">
      <Filter>Source Files</Filter>
    </ClCompile>
    <ClCompile Include="SShapeToThematic.cpp">
      <Filter>Source Files</Filter>
    </ClCompile>
    <ClCompile Include="SStatCom.cpp">
      <Filter>Source Files</Filter>
    </ClCompile>
    <ClCompile Include="SStatEnh.cpp">
      <Filter>Source Files</Filter>
    </ClCompile>
    <ClCompile Include="SStatHistogram.cpp">
      <Filter>Source Files</Filter>
    </ClCompile>
    <ClCompile Include="SStatist.cpp">
      <Filter>Source Files</Filter>
    </ClCompile>
    <ClCompile Include="SStatLst.cpp">
      <Filter>Source Files</Filter>
    </ClCompile>
    <ClCompile Include="SStrings.cpp">
      <Filter>Source Files</Filter>
    </ClCompile>
    <ClCompile Include="SThemWin.cpp">
      <Filter>Source Files</Filter>
    </ClCompile>
    <ClCompile Include="SThreads.cpp">
      <Filter>Source Files</Filter>
    </ClCompile>
    <ClCompile Include="SUtility.cpp">
      <Filter>Source Files</Filter>
    </ClCompile>
    <ClCompile Include="SWindow.cpp">
      <Filter>Source Files</Filter>
    </ClCompile>
    <ClCompile Include="SWinInfo.cpp">
      <Filter>Source Files</Filter>
    </ClCompile>
    <ClCompile Include="W1ColDlg.cpp">
      <Filter>Source Files</Filter>
    </ClCompile>
    <ClCompile Include="WAbout.cpp">
      <Filter>Source Files</Filter>
    </ClCompile>
    <ClCompile Include="WApdFDlg.cpp">
      <Filter>Source Files</Filter>
    </ClCompile>
    <ClCompile Include="WBiPlotDialog.cpp">
      <Filter>Source Files</Filter>
    </ClCompile>
    <ClCompile Include="WCCemDlg.cpp">
      <Filter>Source Files</Filter>
    </ClCompile>
    <ClCompile Include="WCChnDlg.cpp">
      <Filter>Source Files</Filter>
    </ClCompile>
    <ClCompile Include="WCCorDlg.cpp">
      <Filter>Source Files</Filter>
    </ClCompile>
    <ClCompile Include="WChanDlg.cpp">
      <Filter>Source Files</Filter>
    </ClCompile>
    <ClCompile Include="WCLasDlg.cpp">
      <Filter>Source Files</Filter>
    </ClCompile>
    <ClCompile Include="WClassGroupDialog.cpp">
      <Filter>Source Files</Filter>
    </ClCompile>
    <ClCompile Include="WClIDDlg.cpp">
      <Filter>Source Files</Filter>
    </ClCompile>
    <ClCompile Include="WClsfDlg.cpp">
      <Filter>Source Files</Filter>
    </ClCompile>
    <ClCompile Include="WClSPDlg.cpp">
      <Filter>Source Files</Filter>
    </ClCompile>
    <ClCompile Include="WClusDlg.cpp">
      <Filter>Source Files</Filter>
    </ClCompile>
    <ClCompile Include="WCoorBar.cpp">
      <Filter>Source Files</Filter>
    </ClCompile>
    <ClCompile Include="WCovEDlg.cpp">
      <Filter>Source Files</Filter>
    </ClCompile>
    <ClCompile Include="WCPWtDlg.cpp">
      <Filter>Source Files</Filter>
    </ClCompile>
    <ClCompile Include="WCsGpDlg.cpp">
      <Filter>Source Files</Filter>
    </ClCompile>
    <ClCompile Include="WCWtDlg.cpp">
      <Filter>Source Files</Filter>
    </ClCompile>
    <ClCompile Include="WDialog.cpp">
      <Filter>Source Files</Filter>
    </ClCompile>
    <ClCompile Include="WDisplayMultispectralDialog.cpp">
      <Filter>Source Files</Filter>
    </ClCompile>
    <ClCompile Include="WDisplayThematicDialog.cpp">
      <Filter>Source Files</Filter>
    </ClCompile>
    <ClCompile Include="WDMinDlg.cpp">
      <Filter>Source Files</Filter>
    </ClCompile>
    <ClCompile Include="WDrawObj.cpp">
      <Filter>Source Files</Filter>
    </ClCompile>
    <ClCompile Include="WEchoDlg.cpp">
      <Filter>Source Files</Filter>
    </ClCompile>
    <ClCompile Include="WEStaDlg.cpp">
      <Filter>Source Files</Filter>
    </ClCompile>
    <ClCompile Include="WFColDlg.cpp">
      <Filter>Source Files</Filter>
    </ClCompile>
    <ClCompile Include="WFExtDlg.cpp">
      <Filter>Source Files</Filter>
    </ClCompile>
    <ClCompile Include="WFileDlg.cpp">
      <Filter>Source Files</Filter>
    </ClCompile>
    <ClCompile Include="WFormDlg.cpp">
      <Filter>Source Files</Filter>
    </ClCompile>
    <ClCompile Include="WFSelDlg.cpp">
      <Filter>Source Files</Filter>
    </ClCompile>
    <ClCompile Include="WFToTDlg.cpp">
      <Filter>Source Files</Filter>
    </ClCompile>
    <ClCompile Include="WGaussianParameterDlg.cpp">
      <Filter>Source Files</Filter>
    </ClCompile>
    <ClCompile Include="WGrafDoc.cpp">
      <Filter>Source Files</Filter>
    </ClCompile>
    <ClCompile Include="WGrafFrm.cpp">
      <Filter>Source Files</Filter>
    </ClCompile>
    <ClCompile Include="WHistDlg.cpp">
      <Filter>Source Files</Filter>
    </ClCompile>
    <ClCompile Include="WImagDoc.cpp">
      <Filter>Source Files</Filter>
    </ClCompile>
    <ClCompile Include="WImageSplitterWnd.cpp">
      <Filter>Source Files</Filter>
    </ClCompile>
    <ClCompile Include="WImagFrm.cpp">
      <Filter>Source Files</Filter>
    </ClCompile>
    <ClCompile Include="WImagVew.cpp">
      <Filter>Source Files</Filter>
    </ClCompile>
    <ClCompile Include="WLegendList.cpp">
      <Filter>Source Files</Filter>
    </ClCompile>
    <ClCompile Include="WLiOpDlg.cpp">
      <Filter>Source Files</Filter>
    </ClCompile>
    <ClCompile Include="WListBox.cpp">
      <Filter>Source Files</Filter>
    </ClCompile>
    <ClCompile Include="WLOOMDlg.cpp">
      <Filter>Source Files</Filter>
    </ClCompile>
    <ClCompile Include="WLstDDlg.cpp">
      <Filter>Source Files</Filter>
    </ClCompile>
    <ClCompile Include="WLstRDlg.cpp">
      <Filter>Source Files</Filter>
    </ClCompile>
    <ClCompile Include="WMainFrm.cpp">
      <Filter>Source Files</Filter>
    </ClCompile>
    <ClCompile Include="WMapCDlg.cpp">
      <Filter>Source Files</Filter>
    </ClCompile>
    <ClCompile Include="WMClrDlg.cpp">
      <Filter>Source Files</Filter>
    </ClCompile>
    <ClCompile Include="WMosaicTwoImagesDialog.cpp">
      <Filter>Source Files</Filter>
    </ClCompile>
    <ClCompile Include="WMultiSpec.cpp">
      <Filter>Source Files</Filter>
    </ClCompile>
    <ClCompile Include="WNewClas.cpp">
      <Filter>Source Files</Filter>
    </ClCompile>
    <ClCompile Include="WOverlayParameterDlg.cpp">
      <Filter>Source Files</Filter>
    </ClCompile>
    <ClCompile Include="WPrinDlg.cpp">
      <Filter>Source Files</Filter>
    </ClCompile>
    <ClCompile Include="WProjDlg.cpp">
      <Filter>Source Files</Filter>
    </ClCompile>
    <ClCompile Include="WProjectionPursuitDialog.cpp">
      <Filter>Source Files</Filter>
    </ClCompile>
    <ClCompile Include="WRChange.cpp">
      <Filter>Source Files</Filter>
    </ClCompile>
    <ClCompile Include="WRecTDlg.cpp">
      <Filter>Source Files</Filter>
    </ClCompile>
    <ClCompile Include="WReformatRectifyDlg.cpp">
      <Filter>Source Files</Filter>
    </ClCompile>
    <ClCompile Include="WReformatTransformDlg.cpp">
      <Filter>Source Files</Filter>
    </ClCompile>
    <ClCompile Include="WResources.cpp">
      <Filter>Source Files</Filter>
    </ClCompile>
    <ClCompile Include="WRHedDlg.cpp">
      <Filter>Source Files</Filter>
    </ClCompile>
    <ClCompile Include="WStatDlg.cpp">
      <Filter>Source Files</Filter>
    </ClCompile>
    <ClCompile Include="WStatDoc.cpp">
      <Filter>Source Files</Filter>
    </ClCompile>
    <ClCompile Include="WStatFrm.cpp">
      <Filter>Source Files</Filter>
    </ClCompile>
    <ClCompile Include="WStatHistogramSpecsDlg.cpp">
      <Filter>Source Files</Filter>
    </ClCompile>
    <ClCompile Include="WStatVew.cpp">
      <Filter>Source Files</Filter>
    </ClCompile>
    <ClCompile Include="WTextDoc.cpp">
      <Filter>Source Files</Filter>
    </ClCompile>
    <ClCompile Include="WTextFrm.cpp">
      <Filter>Source Files</Filter>
    </ClCompile>
    <ClCompile Include="WTextVew.cpp">
      <Filter>Source Files</Filter>
    </ClCompile>
    <ClCompile Include="WTLengend.cpp">
      <Filter>Source Files</Filter>
    </ClCompile>
    <ClCompile Include="WToolBar.cpp">
      <Filter>Source Files</Filter>
    </ClCompile>
    <ClCompile Include="WTools.cpp">
      <Filter>Source Files</Filter>
    </ClCompile>
    <ClCompile Include="WTranDlg.cpp">
      <Filter>Source Files</Filter>
    </ClCompile>
    <ClCompile Include="SBiPlotData.cpp">
      <Filter>Source Files</Filter>
    </ClCompile>
  </ItemGroup>
  <ItemGroup>
    <ResourceCompile Include="Multspec.rc">
      <Filter>Source Files</Filter>
    </ResourceCompile>
  </ItemGroup>
  <ItemGroup>
    <ClInclude Include="CDisplay.h">
      <Filter>Header Files</Filter>
    </ClInclude>
    <ClInclude Include="CFileStr.h">
      <Filter>Header Files</Filter>
    </ClInclude>
    <ClInclude Include="CHistgrm.h">
      <Filter>Header Files</Filter>
    </ClInclude>
    <ClInclude Include="CImagVew.h">
      <Filter>Header Files</Filter>
    </ClInclude>
    <ClInclude Include="CImagWin.h">
      <Filter>Header Files</Filter>
    </ClInclude>
    <ClInclude Include="CPalette.h">
      <Filter>Header Files</Filter>
    </ClInclude>
    <ClInclude Include="CProcess.h">
      <Filter>Header Files</Filter>
    </ClInclude>
    <ClInclude Include="CWinInfo.h">
      <Filter>Header Files</Filter>
    </ClInclude>
    <ClInclude Include="IniReader.h">
      <Filter>Header Files</Filter>
    </ClInclude>
    <ClInclude Include="IniWriter.h">
      <Filter>Header Files</Filter>
    </ClInclude>
    <ClInclude Include="resource.h">
      <Filter>Header Files</Filter>
    </ClInclude>
    <ClInclude Include="SConsnts.h">
      <Filter>Header Files</Filter>
    </ClInclude>
    <ClInclude Include="SDecGlob.h">
      <Filter>Header Files</Filter>
    </ClInclude>
    <ClInclude Include="SDefines.h">
      <Filter>Header Files</Filter>
    </ClInclude>
    <ClInclude Include="SEcho.h">
      <Filter>Header Files</Filter>
    </ClInclude>
    <ClInclude Include="SEMytype.h">
      <Filter>Header Files</Filter>
    </ClInclude>
    <ClInclude Include="SEProto.h">
      <Filter>Header Files</Filter>
    </ClInclude>
    <ClInclude Include="SExtGlob.h">
      <Filter>Header Files</Filter>
    </ClInclude>
    <ClInclude Include="SGrafVew.h">
      <Filter>Header Files</Filter>
    </ClInclude>
    <ClInclude Include="SGraphic.h">
      <Filter>Header Files</Filter>
    </ClInclude>
    <ClInclude Include="SMulSpec.h">
      <Filter>Header Files</Filter>
    </ClInclude>
    <ClInclude Include="SProtype.h">
      <Filter>Header Files</Filter>
    </ClInclude>
    <ClInclude Include="SRConsnt.h">
      <Filter>Header Files</Filter>
    </ClInclude>
    <ClInclude Include="Stdafx.h">
      <Filter>Header Files</Filter>
    </ClInclude>
    <ClInclude Include="W1ColDlg.h">
      <Filter>Header Files</Filter>
    </ClInclude>
    <ClInclude Include="WAbout.h">
      <Filter>Header Files</Filter>
    </ClInclude>
    <ClInclude Include="WApdFDlg.h">
      <Filter>Header Files</Filter>
    </ClInclude>
    <ClInclude Include="WBiPlotDialog.h">
      <Filter>Header Files</Filter>
    </ClInclude>
    <ClInclude Include="WCCemDlg.h">
      <Filter>Header Files</Filter>
    </ClInclude>
    <ClInclude Include="WCChnDlg.h">
      <Filter>Header Files</Filter>
    </ClInclude>
    <ClInclude Include="WCCorDlg.h">
      <Filter>Header Files</Filter>
    </ClInclude>
    <ClInclude Include="WChanDlg.h">
      <Filter>Header Files</Filter>
    </ClInclude>
    <ClInclude Include="WClasDlg.h">
      <Filter>Header Files</Filter>
    </ClInclude>
    <ClInclude Include="WClassGroupDialog.h">
      <Filter>Header Files</Filter>
    </ClInclude>
    <ClInclude Include="WClIDDlg.h">
      <Filter>Header Files</Filter>
    </ClInclude>
    <ClInclude Include="WClsfDlg.h">
      <Filter>Header Files</Filter>
    </ClInclude>
    <ClInclude Include="WClSPDlg.h">
      <Filter>Header Files</Filter>
    </ClInclude>
    <ClInclude Include="WClusDlg.h">
      <Filter>Header Files</Filter>
    </ClInclude>
    <ClInclude Include="WCoorBar.h">
      <Filter>Header Files</Filter>
    </ClInclude>
    <ClInclude Include="WCovEDlg.h">
      <Filter>Header Files</Filter>
    </ClInclude>
    <ClInclude Include="WCPWtDlg.h">
      <Filter>Header Files</Filter>
    </ClInclude>
    <ClInclude Include="WCsGpDlg.h">
      <Filter>Header Files</Filter>
    </ClInclude>
    <ClInclude Include="WCWtDlg.h">
      <Filter>Header Files</Filter>
    </ClInclude>
    <ClInclude Include="WDialog.h">
      <Filter>Header Files</Filter>
    </ClInclude>
    <ClInclude Include="WDisplayMultispectralDialog.h">
      <Filter>Header Files</Filter>
    </ClInclude>
    <ClInclude Include="WDisplayThematicDialog.h">
      <Filter>Header Files</Filter>
    </ClInclude>
    <ClInclude Include="WDMinDlg.h">
      <Filter>Header Files</Filter>
    </ClInclude>
    <ClInclude Include="WDrawObj.h">
      <Filter>Header Files</Filter>
    </ClInclude>
    <ClInclude Include="WEchoDlg.h">
      <Filter>Header Files</Filter>
    </ClInclude>
    <ClInclude Include="WEStaDlg.h">
      <Filter>Header Files</Filter>
    </ClInclude>
    <ClInclude Include="WFColDlg.h">
      <Filter>Header Files</Filter>
    </ClInclude>
    <ClInclude Include="WFExtDlg.h">
      <Filter>Header Files</Filter>
    </ClInclude>
    <ClInclude Include="WFileDlg.h">
      <Filter>Header Files</Filter>
    </ClInclude>
    <ClInclude Include="WFormDlg.h">
      <Filter>Header Files</Filter>
    </ClInclude>
    <ClInclude Include="WFSelDlg.h">
      <Filter>Header Files</Filter>
    </ClInclude>
    <ClInclude Include="WFToTDlg.h">
      <Filter>Header Files</Filter>
    </ClInclude>
    <ClInclude Include="WGaussianParameterDlg.h">
      <Filter>Header Files</Filter>
    </ClInclude>
    <ClInclude Include="WGrafDoc.h">
      <Filter>Header Files</Filter>
    </ClInclude>
    <ClInclude Include="WGrafFrm.h">
      <Filter>Header Files</Filter>
    </ClInclude>
    <ClInclude Include="whistdlg.h">
      <Filter>Header Files</Filter>
    </ClInclude>
    <ClInclude Include="WImagDoc.h">
      <Filter>Header Files</Filter>
    </ClInclude>
    <ClInclude Include="WImageSplitterWnd.h">
      <Filter>Header Files</Filter>
    </ClInclude>
    <ClInclude Include="WImagFrm.h">
      <Filter>Header Files</Filter>
    </ClInclude>
    <ClInclude Include="WImgTBar.h">
      <Filter>Header Files</Filter>
    </ClInclude>
    <ClInclude Include="WLegendList.h">
      <Filter>Header Files</Filter>
    </ClInclude>
    <ClInclude Include="WLiOpDlg.h">
      <Filter>Header Files</Filter>
    </ClInclude>
    <ClInclude Include="WListBox.h">
      <Filter>Header Files</Filter>
    </ClInclude>
    <ClInclude Include="WLOOMDlg.h">
      <Filter>Header Files</Filter>
    </ClInclude>
    <ClInclude Include="WLstDDlg.h">
      <Filter>Header Files</Filter>
    </ClInclude>
    <ClInclude Include="WLstRDlg.h">
      <Filter>Header Files</Filter>
    </ClInclude>
    <ClInclude Include="WMainFrm.h">
      <Filter>Header Files</Filter>
    </ClInclude>
    <ClInclude Include="WMapCDlg.h">
      <Filter>Header Files</Filter>
    </ClInclude>
    <ClInclude Include="WMClrDlg.h">
      <Filter>Header Files</Filter>
    </ClInclude>
    <ClInclude Include="WMosaicTwoImagesDialog.h">
      <Filter>Header Files</Filter>
    </ClInclude>
    <ClInclude Include="WMultiSpec.h">
      <Filter>Header Files</Filter>
    </ClInclude>
    <ClInclude Include="WNewClas.h">
      <Filter>Header Files</Filter>
    </ClInclude>
    <ClInclude Include="WOverlayParameterDlg.h">
      <Filter>Header Files</Filter>
    </ClInclude>
    <ClInclude Include="WPrinDlg.h">
      <Filter>Header Files</Filter>
    </ClInclude>
    <ClInclude Include="WProjDlg.h">
      <Filter>Header Files</Filter>
    </ClInclude>
    <ClInclude Include="WProjectionPursuitDialog.h">
      <Filter>Header Files</Filter>
    </ClInclude>
    <ClInclude Include="WRChange.h">
      <Filter>Header Files</Filter>
    </ClInclude>
    <ClInclude Include="WRecTDlg.h">
      <Filter>Header Files</Filter>
    </ClInclude>
    <ClInclude Include="WReformatRectifyDlg.h">
      <Filter>Header Files</Filter>
    </ClInclude>
    <ClInclude Include="WReformatTransformDlg.h">
      <Filter>Header Files</Filter>
    </ClInclude>
    <ClInclude Include="WRFrmDlg.h">
      <Filter>Header Files</Filter>
    </ClInclude>
    <ClInclude Include="WRHedDlg.h">
      <Filter>Header Files</Filter>
    </ClInclude>
    <ClInclude Include="WStatDlg.h">
      <Filter>Header Files</Filter>
    </ClInclude>
    <ClInclude Include="WStatDoc.h">
      <Filter>Header Files</Filter>
    </ClInclude>
    <ClInclude Include="WStatFrm.h">
      <Filter>Header Files</Filter>
    </ClInclude>
    <ClInclude Include="WStatHistogramSpecsDlg.h">
      <Filter>Header Files</Filter>
    </ClInclude>
    <ClInclude Include="WStatVew.h">
      <Filter>Header Files</Filter>
    </ClInclude>
    <ClInclude Include="WTextDoc.h">
      <Filter>Header Files</Filter>
    </ClInclude>
    <ClInclude Include="WTextFrm.h">
      <Filter>Header Files</Filter>
    </ClInclude>
    <ClInclude Include="WTextVew.h">
      <Filter>Header Files</Filter>
    </ClInclude>
    <ClInclude Include="WTLegend.h">
      <Filter>Header Files</Filter>
    </ClInclude>
    <ClInclude Include="WToolBar.h">
      <Filter>Header Files</Filter>
    </ClInclude>
    <ClInclude Include="WTools.h">
      <Filter>Header Files</Filter>
    </ClInclude>
    <ClInclude Include="WTranDlg.h">
      <Filter>Header Files</Filter>
    </ClInclude>
  </ItemGroup>
  <ItemGroup>
    <Image Include="res\binwidth.bmp">
      <Filter>Resource Files</Filter>
    </Image>
    <Image Include="res\bitmap1.bmp">
      <Filter>Resource Files</Filter>
    </Image>
    <Image Include="RES\BMP00001.BMP">
      <Filter>Resource Files</Filter>
    </Image>
    <Image Include="RES\BMP00002.BMP">
      <Filter>Resource Files</Filter>
    </Image>
    <Image Include="RES\BMP00003.BMP">
      <Filter>Resource Files</Filter>
    </Image>
    <Image Include="RES\BMP00004.BMP">
      <Filter>Resource Files</Filter>
    </Image>
    <Image Include="res\bmp00005.bmp">
      <Filter>Resource Files</Filter>
    </Image>
    <Image Include="res\bmp00006.bmp">
      <Filter>Resource Files</Filter>
    </Image>
    <Image Include="RES\ENTIREIM.BMP">
      <Filter>Resource Files</Filter>
    </Image>
    <Image Include="res\icon1.ico">
      <Filter>Resource Files</Filter>
    </Image>
    <Image Include="RES\IDR_OUTT.ICO">
      <Filter>Resource Files</Filter>
    </Image>
    <Image Include="res\mainfram.bmp">
      <Filter>Resource Files</Filter>
    </Image>
    <Image Include="RES\MSPEC.ICO">
      <Filter>Resource Files</Filter>
    </Image>
    <Image Include="RES\MSPECDOC.ICO">
      <Filter>Resource Files</Filter>
    </Image>
    <Image Include="RES\SELECTED.BMP">
      <Filter>Resource Files</Filter>
    </Image>
    <Image Include="RES\TOENTIRE.BMP">
      <Filter>Resource Files</Filter>
    </Image>
    <Image Include="RES\TOOLBAR.BMP">
      <Filter>Resource Files</Filter>
    </Image>
    <Image Include="res\toolbar1.bmp">
      <Filter>Resource Files</Filter>
    </Image>
    <Image Include="RES\TOSELECT.BMP">
      <Filter>Resource Files</Filter>
    </Image>
  </ItemGroup>
  <ItemGroup>
    <None Include="RES\BLINK_OP.CUR">
      <Filter>Resource Files</Filter>
    </None>
    <None Include="RES\BLINK_SH.CUR">
      <Filter>Resource Files</Filter>
    </None>
    <None Include="RES\CROSS_CU.CUR">
      <Filter>Resource Files</Filter>
    </None>
    <None Include="res\cur00001.cur">
      <Filter>Resource Files</Filter>
    </None>
    <None Include="res\epsg_csv.bin">
      <Filter>Resource Files</Filter>
    </None>
    <None Include="res\multspec.rc2">
      <Filter>Resource Files</Filter>
    </None>
    <None Include="res\text1.bin">
      <Filter>Resource Files</Filter>
    </None>
    <None Include="res\epsg_csv\gcs.csv" />
  </ItemGroup>
</Project>