<?xml version="1.0" encoding="utf-8"?>
<Project ToolsVersion="4.0" xmlns="http://schemas.microsoft.com/developer/msbuild/2003">
  <ItemGroup>
    <Filter Include="Source Files">
      <UniqueIdentifier>{bc773bf9-0445-4b04-8ba1-411ae30652e4}</UniqueIdentifier>
      <Extensions>cpp;c;cxx;rc;def;r;odl;idl;hpj;bat;for;f90</Extensions>
    </Filter>
    <Filter Include="Header Files">
      <UniqueIdentifier>{918bdc32-f30d-4f5c-8cb9-e5771786ac7b}</UniqueIdentifier>
      <Extensions>h;hpp;hxx;hm;inl;fi;fd</Extensions>
    </Filter>
    <Filter Include="Resource Files">
      <UniqueIdentifier>{f891812c-7a33-4b15-bd6d-f3380dec519e}</UniqueIdentifier>
      <Extensions>ico;cur;bmp;dlg;rc2;rct;bin;cnt;rtf;gif;jpg;jpeg;jpe</Extensions>
    </Filter>
    <Filter Include="Header Files\SharedMultiSpec">
      <UniqueIdentifier>{3f1735bc-cf44-4a54-bc3d-20bc8a4d9213}</UniqueIdentifier>
    </Filter>
    <Filter Include="Source Files\SharedMultiSpec">
      <UniqueIdentifier>{30a401f0-9018-4536-92fc-4bf2b925ed51}</UniqueIdentifier>
    </Filter>
    <Filter Include="Header Files\wxMultiSpec">
      <UniqueIdentifier>{a7b69fe3-8a46-4d4d-aed2-e90b72900d64}</UniqueIdentifier>
    </Filter>
    <Filter Include="Source Files\wxMultiSpec">
      <UniqueIdentifier>{bd02cf83-23b8-4569-b479-26107f6e9fec}</UniqueIdentifier>
    </Filter>
    <Filter Include="wxWidgets_d">
      <UniqueIdentifier>{76a32bf0-db05-42a8-aeaa-18a0ca50d485}</UniqueIdentifier>
    </Filter>
    <Filter Include="wxWidgets_r">
      <UniqueIdentifier>{a6e10ab1-a78c-4968-bec4-7e3eaf43b072}</UniqueIdentifier>
    </Filter>
  </ItemGroup>
  <ItemGroup>
    <ClCompile Include="..\SharedMultiSpec\SArcView.cpp">
      <Filter>Source Files\SharedMultiSpec</Filter>
    </ClCompile>
    <ClCompile Include="..\SharedMultiSpec\SBiPlotData.cpp">
      <Filter>Source Files\SharedMultiSpec</Filter>
    </ClCompile>
    <ClCompile Include="..\SharedMultiSpec\SClassify.cpp">
      <Filter>Source Files\SharedMultiSpec</Filter>
    </ClCompile>
    <ClCompile Include="..\SharedMultiSpec\SClassifyDialogs.cpp">
      <Filter>Source Files\SharedMultiSpec</Filter>
    </ClCompile>
    <ClCompile Include="..\SharedMultiSpec\SClassifyEcho.cpp">
      <Filter>Source Files\SharedMultiSpec</Filter>
    </ClCompile>
    <ClCompile Include="..\SharedMultiSpec\SClassifyEchoControl.cpp">
      <Filter>Source Files\SharedMultiSpec</Filter>
    </ClCompile>
    <ClCompile Include="..\SharedMultiSpec\SClassifyEchoMemory.cpp">
      <Filter>Source Files\SharedMultiSpec</Filter>
    </ClCompile>
    <ClCompile Include="..\SharedMultiSpec\SClassifyEchoPhase.cpp">
      <Filter>Source Files\SharedMultiSpec</Filter>
    </ClCompile>
    <ClCompile Include="..\SharedMultiSpec\SClassifyEchoUtilities.cpp">
      <Filter>Source Files\SharedMultiSpec</Filter>
    </ClCompile>
    <ClCompile Include="..\SharedMultiSpec\SCluster.cpp">
      <Filter>Source Files\SharedMultiSpec</Filter>
    </ClCompile>
    <ClCompile Include="..\SharedMultiSpec\SSelectionUtility.cpp">
      <Filter>Source Files\SharedMultiSpec</Filter>
    </ClCompile>
    <ClCompile Include="..\SharedMultiSpec\SClusterIsodata.cpp">
      <Filter>Source Files\SharedMultiSpec</Filter>
    </ClCompile>
    <ClCompile Include="..\SharedMultiSpec\SClusterSinglePass.cpp">
      <Filter>Source Files\SharedMultiSpec</Filter>
    </ClCompile>
    <ClCompile Include="..\SharedMultiSpec\SCoordinateView.cpp">
      <Filter>Source Files\SharedMultiSpec</Filter>
    </ClCompile>
    <ClCompile Include="..\SharedMultiSpec\SDialogUtilities.cpp">
      <Filter>Source Files\SharedMultiSpec</Filter>
    </ClCompile>
    <ClCompile Include="..\SharedMultiSpec\SDisplay.cpp">
      <Filter>Source Files\SharedMultiSpec</Filter>
    </ClCompile>
    <ClCompile Include="..\SharedMultiSpec\SDisplay_class.cpp">
      <Filter>Source Files\SharedMultiSpec</Filter>
    </ClCompile>
    <ClCompile Include="..\SharedMultiSpec\SDisplay4_8ByteData.cpp">
      <Filter>Source Files\SharedMultiSpec</Filter>
    </ClCompile>
    <ClCompile Include="..\SharedMultiSpec\SDisplay16_24Bits.cpp">
      <Filter>Source Files\SharedMultiSpec</Filter>
    </ClCompile>
    <ClCompile Include="..\SharedMultiSpec\SDisplayInfo.cpp">
      <Filter>Source Files\SharedMultiSpec</Filter>
    </ClCompile>
    <ClCompile Include="..\SharedMultiSpec\SDisplayMultispectral.cpp">
      <Filter>Source Files\SharedMultiSpec</Filter>
    </ClCompile>
    <ClCompile Include="..\SharedMultiSpec\SDisplayThematic.cpp">
      <Filter>Source Files\SharedMultiSpec</Filter>
    </ClCompile>
    <ClCompile Include="..\SharedMultiSpec\SEditStatistics.cpp">
      <Filter>Source Files\SharedMultiSpec</Filter>
    </ClCompile>
    <ClCompile Include="..\SharedMultiSpec\SEllipsePlotV.cpp">
      <Filter>Source Files\SharedMultiSpec</Filter>
    </ClCompile>
    <ClCompile Include="..\SharedMultiSpec\SFeatureExtraction.cpp">
      <Filter>Source Files\SharedMultiSpec</Filter>
    </ClCompile>
    <ClCompile Include="..\SharedMultiSpec\SFeatureExtractionMath.cpp">
      <Filter>Source Files\SharedMultiSpec</Filter>
    </ClCompile>
    <ClCompile Include="..\SharedMultiSpec\SFeatureSelection.cpp">
      <Filter>Source Files\SharedMultiSpec</Filter>
    </ClCompile>
    <ClCompile Include="..\SharedMultiSpec\SFieldsToThematicFile.cpp">
      <Filter>Source Files\SharedMultiSpec</Filter>
    </ClCompile>
    <ClCompile Include="..\SharedMultiSpec\SFileInfo.cpp">
      <Filter>Source Files\SharedMultiSpec</Filter>
    </ClCompile>
    <ClCompile Include="..\SharedMultiSpec\SFileIO.cpp">
      <Filter>Source Files\SharedMultiSpec</Filter>
    </ClCompile>
    <ClCompile Include="..\SharedMultiSpec\SFileStream_class.cpp">
      <Filter>Source Files\SharedMultiSpec</Filter>
    </ClCompile>
    <ClCompile Include="..\SharedMultiSpec\SGAIARoutines.cpp">
      <Filter>Source Files\SharedMultiSpec</Filter>
    </ClCompile>
    <ClCompile Include="..\SharedMultiSpec\SGDALInterface.cpp">
      <Filter>Source Files\SharedMultiSpec</Filter>
    </ClCompile>
    <ClCompile Include="..\SharedMultiSpec\SGeoTIFF.cpp">
      <Filter>Source Files\SharedMultiSpec</Filter>
    </ClCompile>
    <ClCompile Include="..\SharedMultiSpec\SGraphic.cpp">
      <Filter>Source Files\SharedMultiSpec</Filter>
    </ClCompile>
    <ClCompile Include="..\SharedMultiSpec\SGraphUtilities.cpp">
      <Filter>Source Files\SharedMultiSpec</Filter>
    </ClCompile>
    <ClCompile Include="..\SharedMultiSpec\SGraphView.cpp">
      <Filter>Source Files\SharedMultiSpec</Filter>
    </ClCompile>
    <ClCompile Include="..\SharedMultiSpec\SHDF4.cpp">
      <Filter>Source Files\SharedMultiSpec</Filter>
    </ClCompile>
    <ClCompile Include="..\SharedMultiSpec\SHDF5.cpp">
      <Filter>Source Files\SharedMultiSpec</Filter>
    </ClCompile>
    <ClCompile Include="..\SharedMultiSpec\SHistogram.cpp">
      <Filter>Source Files\SharedMultiSpec</Filter>
    </ClCompile>
    <ClCompile Include="..\SharedMultiSpec\SHistogram_class.cpp">
      <Filter>Source Files\SharedMultiSpec</Filter>
    </ClCompile>
    <ClCompile Include="..\SharedMultiSpec\SHistogramInfo.cpp">
      <Filter>Source Files\SharedMultiSpec</Filter>
    </ClCompile>
    <ClCompile Include="..\SharedMultiSpec\SImageOverlays.cpp">
      <Filter>Source Files\SharedMultiSpec</Filter>
    </ClCompile>
    <ClCompile Include="..\SharedMultiSpec\SImageWindow_class.cpp">
      <Filter>Source Files\SharedMultiSpec</Filter>
    </ClCompile>
    <ClCompile Include="..\SharedMultiSpec\SImagine.cpp">
      <Filter>Source Files\SharedMultiSpec</Filter>
    </ClCompile>
    <ClCompile Include="..\SharedMultiSpec\SListData.cpp">
      <Filter>Source Files\SharedMultiSpec</Filter>
    </ClCompile>
    <ClCompile Include="..\SharedMultiSpec\SListResults.cpp">
      <Filter>Source Files\SharedMultiSpec</Filter>
    </ClCompile>
    <ClCompile Include="..\SharedMultiSpec\SLOOCovariance.cpp">
      <Filter>Source Files\SharedMultiSpec</Filter>
    </ClCompile>
    <ClCompile Include="..\SharedMultiSpec\SMapCoordinates.cpp">
      <Filter>Source Files\SharedMultiSpec</Filter>
    </ClCompile>
    <ClCompile Include="..\SharedMultiSpec\SMapProjectionAlgorithms.cpp">
      <Filter>Source Files\SharedMultiSpec</Filter>
    </ClCompile>
    <ClCompile Include="..\SharedMultiSpec\SMask.cpp">
      <Filter>Source Files\SharedMultiSpec</Filter>
    </ClCompile>
    <ClCompile Include="..\SharedMultiSpec\SMatlab.cpp">
      <Filter>Source Files\SharedMultiSpec</Filter>
    </ClCompile>
    <ClCompile Include="..\SharedMultiSpec\SMatrixUtilities.cpp">
      <Filter>Source Files\SharedMultiSpec</Filter>
    </ClCompile>
    <ClCompile Include="..\SharedMultiSpec\SMemoryUtilities.cpp">
      <Filter>Source Files\SharedMultiSpec</Filter>
    </ClCompile>
    <ClCompile Include="..\SharedMultiSpec\SMenus.cpp">
      <Filter>Source Files\SharedMultiSpec</Filter>
    </ClCompile>
    <ClCompile Include="..\SharedMultiSpec\SMosaic.cpp">
      <Filter>Source Files\SharedMultiSpec</Filter>
    </ClCompile>
    <ClCompile Include="..\SharedMultiSpec\SNDFFormat.cpp">
      <Filter>Source Files\SharedMultiSpec</Filter>
    </ClCompile>
    <ClCompile Include="..\SharedMultiSpec\SOpenFileDialog.cpp">
      <Filter>Source Files\SharedMultiSpec</Filter>
    </ClCompile>
    <ClCompile Include="..\SharedMultiSpec\SOpenImage.cpp">
      <Filter>Source Files\SharedMultiSpec</Filter>
    </ClCompile>
    <ClCompile Include="..\SharedMultiSpec\SOther.cpp">
      <Filter>Source Files\SharedMultiSpec</Filter>
    </ClCompile>
    <ClCompile Include="..\SharedMultiSpec\SOutlineFields.cpp">
      <Filter>Source Files\SharedMultiSpec</Filter>
    </ClCompile>
    <ClCompile Include="..\SharedMultiSpec\SPalette.cpp">
      <Filter>Source Files\SharedMultiSpec</Filter>
    </ClCompile>
    <ClCompile Include="..\SharedMultiSpec\SPalette_class.cpp">
      <Filter>Source Files\SharedMultiSpec</Filter>
    </ClCompile>
    <ClCompile Include="..\SharedMultiSpec\SPrincipalComponents.cpp">
      <Filter>Source Files\SharedMultiSpec</Filter>
    </ClCompile>
    <ClCompile Include="..\SharedMultiSpec\SProcessorMemory.cpp">
      <Filter>Source Files\SharedMultiSpec</Filter>
    </ClCompile>
    <ClCompile Include="..\SharedMultiSpec\SProject.cpp">
      <Filter>Source Files\SharedMultiSpec</Filter>
    </ClCompile>
    <ClCompile Include="..\SharedMultiSpec\SProjectComputeStatistics.cpp">
      <Filter>Source Files\SharedMultiSpec</Filter>
    </ClCompile>
    <ClCompile Include="..\SharedMultiSpec\SProjectFileIO.cpp">
      <Filter>Source Files\SharedMultiSpec</Filter>
    </ClCompile>
    <ClCompile Include="..\SharedMultiSpec\SProjectHistogramStatistics.cpp">
      <Filter>Source Files\SharedMultiSpec</Filter>
    </ClCompile>
    <ClCompile Include="..\SharedMultiSpec\SProjectionPursuit.cpp">
      <Filter>Source Files\SharedMultiSpec</Filter>
    </ClCompile>
    <ClCompile Include="..\SharedMultiSpec\SProjectListStatistics.cpp">
      <Filter>Source Files\SharedMultiSpec</Filter>
    </ClCompile>
    <ClCompile Include="..\SharedMultiSpec\SProjectMatrixUtilities.cpp">
      <Filter>Source Files\SharedMultiSpec</Filter>
    </ClCompile>
    <ClCompile Include="..\SharedMultiSpec\SProjectUtilities.cpp">
      <Filter>Source Files\SharedMultiSpec</Filter>
    </ClCompile>
    <ClCompile Include="..\SharedMultiSpec\SRecodeThematicImage.cpp">
      <Filter>Source Files\SharedMultiSpec</Filter>
    </ClCompile>
    <ClCompile Include="..\SharedMultiSpec\SRectifyImage.cpp">
      <Filter>Source Files\SharedMultiSpec</Filter>
    </ClCompile>
    <ClCompile Include="..\SharedMultiSpec\SReformatChangeImageFileFormat.cpp">
      <Filter>Source Files\SharedMultiSpec</Filter>
    </ClCompile>
    <ClCompile Include="..\SharedMultiSpec\SReformatUtilities.cpp">
      <Filter>Source Files\SharedMultiSpec</Filter>
    </ClCompile>
    <ClCompile Include="..\SharedMultiSpec\SRegistration.cpp">
      <Filter>Source Files\SharedMultiSpec</Filter>
    </ClCompile>
    <ClCompile Include="..\SharedMultiSpec\SSaveWrite.cpp">
      <Filter>Source Files\SharedMultiSpec</Filter>
    </ClCompile>
    <ClCompile Include="..\SharedMultiSpec\SSelectionGraph.cpp">
      <Filter>Source Files\SharedMultiSpec</Filter>
    </ClCompile>
    <ClCompile Include="..\SharedMultiSpec\SShapeToThematic.cpp">
      <Filter>Source Files\SharedMultiSpec</Filter>
    </ClCompile>
    <ClCompile Include="..\SharedMultiSpec\SStatistics.cpp">
      <Filter>Source Files\SharedMultiSpec</Filter>
    </ClCompile>
    <ClCompile Include="..\SharedMultiSpec\SStatisticsEnhancement.cpp">
      <Filter>Source Files\SharedMultiSpec</Filter>
    </ClCompile>
    <ClCompile Include="..\SharedMultiSpec\SStatisticsImage.cpp">
      <Filter>Source Files\SharedMultiSpec</Filter>
    </ClCompile>
    <ClCompile Include="..\SharedMultiSpec\SStatisticsImageAlgorithms.cpp">
      <Filter>Source Files\SharedMultiSpec</Filter>
    </ClCompile>
    <ClCompile Include="..\SharedMultiSpec\SStrings.cpp">
      <Filter>Source Files\SharedMultiSpec</Filter>
    </ClCompile>
    <ClCompile Include="..\SharedMultiSpec\SStubs.cpp">
      <Filter>Source Files\SharedMultiSpec</Filter>
    </ClCompile>
    <ClCompile Include="..\SharedMultiSpec\Ssvm.cpp">
      <Filter>Source Files\SharedMultiSpec</Filter>
    </ClCompile>
    <ClCompile Include="..\SharedMultiSpec\SThematicWindow.cpp">
      <Filter>Source Files\SharedMultiSpec</Filter>
    </ClCompile>
    <ClCompile Include="..\SharedMultiSpec\SThreads.cpp">
      <Filter>Source Files\SharedMultiSpec</Filter>
    </ClCompile>
    <ClCompile Include="..\SharedMultiSpec\SUtilities.cpp">
      <Filter>Source Files\SharedMultiSpec</Filter>
    </ClCompile>
    <ClCompile Include="..\SharedMultiSpec\SWindow.cpp">
      <Filter>Source Files\SharedMultiSpec</Filter>
    </ClCompile>
    <ClCompile Include="..\SharedMultiSpec\SWindowInfo.cpp">
      <Filter>Source Files\SharedMultiSpec</Filter>
    </ClCompile>
    <ClCompile Include="..\SharedMultiSpec\SWindowInfo_class.cpp">
      <Filter>Source Files\SharedMultiSpec</Filter>
    </ClCompile>
    <ClCompile Include="..\SharedMultiSpec\SReformatCompareImages.cpp">
      <Filter>Source Files\SharedMultiSpec</Filter>
    </ClCompile>
    <ClCompile Include="..\wxMultiSpec\xAbout.cpp">
      <Filter>Source Files\wxMultiSpec</Filter>
    </ClCompile>
    <ClCompile Include="..\wxMultiSpec\xBiplotDialog.cpp">
      <Filter>Source Files\wxMultiSpec</Filter>
    </ClCompile>
    <ClCompile Include="..\wxMultiSpec\xChangeChannelDescriptionDialog.cpp">
      <Filter>Source Files\wxMultiSpec</Filter>
    </ClCompile>
    <ClCompile Include="..\wxMultiSpec\xChannelsDialog.cpp">
      <Filter>Source Files\wxMultiSpec</Filter>
    </ClCompile>
    <ClCompile Include="..\wxMultiSpec\xClassesDialog.cpp">
      <Filter>Source Files\wxMultiSpec</Filter>
    </ClCompile>
    <ClCompile Include="..\wxMultiSpec\xClassGroupDialog.cpp">
      <Filter>Source Files\wxMultiSpec</Filter>
    </ClCompile>
    <ClCompile Include="..\wxMultiSpec\xClassifyCEMDialog.cpp">
      <Filter>Source Files\wxMultiSpec</Filter>
    </ClCompile>
    <ClCompile Include="..\wxMultiSpec\xClassifyCorrelationDialog.cpp">
      <Filter>Source Files\wxMultiSpec</Filter>
    </ClCompile>
    <ClCompile Include="..\wxMultiSpec\xClassifyDialog.cpp">
      <Filter>Source Files\wxMultiSpec</Filter>
    </ClCompile>
    <ClCompile Include="..\wxMultiSpec\xClassifyEchoDialog.cpp">
      <Filter>Source Files\wxMultiSpec</Filter>
    </ClCompile>
    <ClCompile Include="..\wxMultiSpec\xClassifyKNNDialog.cpp">
      <Filter>Source Files\wxMultiSpec</Filter>
    </ClCompile>
    <ClCompile Include="..\wxMultiSpec\xClassifySVMDialog.cpp">
      <Filter>Source Files\wxMultiSpec</Filter>
    </ClCompile>
    <ClCompile Include="..\wxMultiSpec\xClassPairWeightsDialog.cpp">
      <Filter>Source Files\wxMultiSpec</Filter>
    </ClCompile>
    <ClCompile Include="..\wxMultiSpec\xClassWeightsDialog.cpp">
      <Filter>Source Files\wxMultiSpec</Filter>
    </ClCompile>
    <ClCompile Include="..\wxMultiSpec\xClusterDialog.cpp">
      <Filter>Source Files\wxMultiSpec</Filter>
    </ClCompile>
    <ClCompile Include="..\wxMultiSpec\xClusterIsodataDialog.cpp">
      <Filter>Source Files\wxMultiSpec</Filter>
    </ClCompile>
    <ClCompile Include="..\wxMultiSpec\xClusterSinglePassDialog.cpp">
      <Filter>Source Files\wxMultiSpec</Filter>
    </ClCompile>
    <ClCompile Include="..\wxMultiSpec\xCoordinateBar.cpp">
      <Filter>Source Files\wxMultiSpec</Filter>
    </ClCompile>
    <ClCompile Include="..\wxMultiSpec\xCursor_images.cpp">
      <Filter>Source Files\wxMultiSpec</Filter>
    </ClCompile>
    <ClCompile Include="..\wxMultiSpec\xDialog.cpp">
      <Filter>Source Files\wxMultiSpec</Filter>
    </ClCompile>
    <ClCompile Include="..\wxMultiSpec\xDialog_images.cpp">
      <Filter>Source Files\wxMultiSpec</Filter>
    </ClCompile>
    <ClCompile Include="..\wxMultiSpec\xDisplayMinMaxDialog.cpp">
      <Filter>Source Files\wxMultiSpec</Filter>
    </ClCompile>
    <ClCompile Include="..\wxMultiSpec\xDisplayMultispectralDialog.cpp">
      <Filter>Source Files\wxMultiSpec</Filter>
    </ClCompile>
    <ClCompile Include="..\wxMultiSpec\xDisplayThematicDialog.cpp">
      <Filter>Source Files\wxMultiSpec</Filter>
    </ClCompile>
    <ClCompile Include="..\wxMultiSpec\xDrawObjects.cpp">
      <Filter>Source Files\wxMultiSpec</Filter>
    </ClCompile>
    <ClCompile Include="..\wxMultiSpec\xEditClassFieldDialog.cpp">
      <Filter>Source Files\wxMultiSpec</Filter>
    </ClCompile>
    <ClCompile Include="..\wxMultiSpec\xEditClassGroupDialog.cpp">
      <Filter>Source Files\wxMultiSpec</Filter>
    </ClCompile>
    <ClCompile Include="..\wxMultiSpec\xEditSelectionDialog.cpp">
      <Filter>Source Files\wxMultiSpec</Filter>
    </ClCompile>
    <ClCompile Include="..\wxMultiSpec\xEnhanceStatisticsDialog.cpp">
      <Filter>Source Files\wxMultiSpec</Filter>
    </ClCompile>
    <ClCompile Include="..\wxMultiSpec\xEvaluateCovariancesDialog.cpp">
      <Filter>Source Files\wxMultiSpec</Filter>
    </ClCompile>
    <ClCompile Include="..\wxMultiSpec\xEvaluateTransformationDialog.cpp">
      <Filter>Source Files\wxMultiSpec</Filter>
    </ClCompile>
    <ClCompile Include="..\wxMultiSpec\xFalseColorDialog.cpp">
      <Filter>Source Files\wxMultiSpec</Filter>
    </ClCompile>
    <ClCompile Include="..\wxMultiSpec\xFeatureExtractionDialog.cpp">
      <Filter>Source Files\wxMultiSpec</Filter>
    </ClCompile>
    <ClCompile Include="..\wxMultiSpec\xFeatureSelectionDialog.cpp">
      <Filter>Source Files\wxMultiSpec</Filter>
    </ClCompile>
    <ClCompile Include="..\wxMultiSpec\xFieldsToThematicDialog.cpp">
      <Filter>Source Files\wxMultiSpec</Filter>
    </ClCompile>
    <ClCompile Include="..\wxMultiSpec\xFileFormatDialog.cpp">
      <Filter>Source Files\wxMultiSpec</Filter>
    </ClCompile>
    <ClCompile Include="..\wxMultiSpec\xGaussianParameterDialog.cpp">
      <Filter>Source Files\wxMultiSpec</Filter>
    </ClCompile>
    <ClCompile Include="..\wxMultiSpec\xGraphDoc.cpp">
      <Filter>Source Files\wxMultiSpec</Filter>
    </ClCompile>
    <ClCompile Include="..\wxMultiSpec\xGraphFrame.cpp">
      <Filter>Source Files\wxMultiSpec</Filter>
    </ClCompile>
    <ClCompile Include="..\wxMultiSpec\xGraphView.cpp">
      <Filter>Source Files\wxMultiSpec</Filter>
    </ClCompile>
    <ClCompile Include="..\wxMultiSpec\xGraphWindow_images.cpp">
      <Filter>Source Files\wxMultiSpec</Filter>
    </ClCompile>
    <ClCompile Include="..\wxMultiSpec\xHistogramDialog.cpp">
      <Filter>Source Files\wxMultiSpec</Filter>
    </ClCompile>
    <ClCompile Include="..\wxMultiSpec\xImageCanvas.cpp">
      <Filter>Source Files\wxMultiSpec</Filter>
    </ClCompile>
    <ClCompile Include="..\wxMultiSpec\xImageDoc.cpp">
      <Filter>Source Files\wxMultiSpec</Filter>
    </ClCompile>
    <ClCompile Include="..\wxMultiSpec\xImageFrame.cpp">
      <Filter>Source Files\wxMultiSpec</Filter>
    </ClCompile>
    <ClCompile Include="..\wxMultiSpec\xImageView.cpp">
      <Filter>Source Files\wxMultiSpec</Filter>
    </ClCompile>
    <ClCompile Include="..\wxMultiSpec\xLeaveOneOutMixingDialog.cpp">
      <Filter>Source Files\wxMultiSpec</Filter>
    </ClCompile>
    <ClCompile Include="..\wxMultiSpec\xLegendList.cpp">
      <Filter>Source Files\wxMultiSpec</Filter>
    </ClCompile>
    <ClCompile Include="..\wxMultiSpec\xLegendView.cpp">
      <Filter>Source Files\wxMultiSpec</Filter>
    </ClCompile>
    <ClCompile Include="..\wxMultiSpec\xListDataDialog.cpp">
      <Filter>Source Files\wxMultiSpec</Filter>
    </ClCompile>
    <ClCompile Include="..\wxMultiSpec\xListResultsDialog.cpp">
      <Filter>Source Files\wxMultiSpec</Filter>
    </ClCompile>
    <ClCompile Include="..\wxMultiSpec\xListResultsOptionsDialog.cpp">
      <Filter>Source Files\wxMultiSpec</Filter>
    </ClCompile>
    <ClCompile Include="..\wxMultiSpec\xMainFrame.cpp">
      <Filter>Source Files\wxMultiSpec</Filter>
    </ClCompile>
    <ClCompile Include="..\wxMultiSpec\xMapCoordinateDialog.cpp">
      <Filter>Source Files\wxMultiSpec</Filter>
    </ClCompile>
    <ClCompile Include="..\wxMultiSpec\xMosaicTwoImagesDialog.cpp">
      <Filter>Source Files\wxMultiSpec</Filter>
    </ClCompile>
    <ClCompile Include="..\wxMultiSpec\xMultiSpec.cpp">
      <Filter>Source Files\wxMultiSpec</Filter>
    </ClCompile>
    <ClCompile Include="..\wxMultiSpec\xNewClassFieldDialog.cpp">
      <Filter>Source Files\wxMultiSpec</Filter>
    </ClCompile>
    <ClCompile Include="..\wxMultiSpec\xOneColumnDialog.cpp">
      <Filter>Source Files\wxMultiSpec</Filter>
    </ClCompile>
    <ClCompile Include="..\wxMultiSpec\xOpenFileDialog.cpp">
      <Filter>Source Files\wxMultiSpec</Filter>
    </ClCompile>
    <ClCompile Include="..\wxMultiSpec\xOverlayParametersDialog.cpp">
      <Filter>Source Files\wxMultiSpec</Filter>
    </ClCompile>
    <ClCompile Include="..\wxMultiSpec\xPrincipalComponentsDialog.cpp">
      <Filter>Source Files\wxMultiSpec</Filter>
    </ClCompile>
    <ClCompile Include="..\wxMultiSpec\xProjectionPursuitDialog.cpp">
      <Filter>Source Files\wxMultiSpec</Filter>
    </ClCompile>
    <ClCompile Include="..\wxMultiSpec\xRecodeThematicImageDialog.cpp">
      <Filter>Source Files\wxMultiSpec</Filter>
    </ClCompile>
    <ClCompile Include="..\wxMultiSpec\xReformatChangeDialog.cpp">
      <Filter>Source Files\wxMultiSpec</Filter>
    </ClCompile>
    <ClCompile Include="..\wxMultiSpec\xReformatCompareImagesDialog.cpp">
      <Filter>Source Files\wxMultiSpec</Filter>
    </ClCompile>
    <ClCompile Include="..\wxMultiSpec\xReformatRectifyDialog.cpp">
      <Filter>Source Files\wxMultiSpec</Filter>
    </ClCompile>
    <ClCompile Include="..\wxMultiSpec\xReformatTransformDialog.cpp">
      <Filter>Source Files\wxMultiSpec</Filter>
    </ClCompile>
    <ClCompile Include="..\wxMultiSpec\xStatisticsDialog.cpp">
      <Filter>Source Files\wxMultiSpec</Filter>
    </ClCompile>
    <ClCompile Include="..\wxMultiSpec\xStatisticsDoc.cpp">
      <Filter>Source Files\wxMultiSpec</Filter>
    </ClCompile>
    <ClCompile Include="..\wxMultiSpec\xStatisticsFrame.cpp">
      <Filter>Source Files\wxMultiSpec</Filter>
    </ClCompile>
    <ClCompile Include="..\wxMultiSpec\xStatisticsHistogramDialog.cpp">
      <Filter>Source Files\wxMultiSpec</Filter>
    </ClCompile>
    <ClCompile Include="..\wxMultiSpec\xStatisticsImageDialog.cpp">
      <Filter>Source Files\wxMultiSpec</Filter>
    </ClCompile>
    <ClCompile Include="..\wxMultiSpec\xStatisticsListDialog.cpp">
      <Filter>Source Files\wxMultiSpec</Filter>
    </ClCompile>
    <ClCompile Include="..\wxMultiSpec\xStatisticsOptionsDialog.cpp">
      <Filter>Source Files\wxMultiSpec</Filter>
    </ClCompile>
    <ClCompile Include="..\wxMultiSpec\xStatisticsView.cpp">
      <Filter>Source Files\wxMultiSpec</Filter>
    </ClCompile>
    <ClCompile Include="..\wxMultiSpec\xStatusDialog.cpp">
      <Filter>Source Files\wxMultiSpec</Filter>
    </ClCompile>
    <ClCompile Include="..\wxMultiSpec\xTextDoc.cpp">
      <Filter>Source Files\wxMultiSpec</Filter>
    </ClCompile>
    <ClCompile Include="..\wxMultiSpec\xTextFrame.cpp">
      <Filter>Source Files\wxMultiSpec</Filter>
    </ClCompile>
    <ClCompile Include="..\wxMultiSpec\xTextView.cpp">
      <Filter>Source Files\wxMultiSpec</Filter>
    </ClCompile>
    <ClCompile Include="..\wxMultiSpec\xTitleBar.cpp">
      <Filter>Source Files\wxMultiSpec</Filter>
    </ClCompile>
    <ClCompile Include="..\wxMultiSpec\xToolBar_images.cpp">
      <Filter>Source Files\wxMultiSpec</Filter>
    </ClCompile>
    <ClCompile Include="..\wxMultiSpec\xUtilities.cpp">
      <Filter>Source Files\wxMultiSpec</Filter>
    </ClCompile>
    <ClCompile Include="..\SharedMultiSpec\SReadHDFHeader.cpp">
      <Filter>Source Files\SharedMultiSpec</Filter>
    </ClCompile>
    <ClCompile Include="..\wxMultiSpec\xTools.cpp">
      <Filter>Source Files\wxMultiSpec</Filter>
    </ClCompile>
    <ClCompile Include="..\wxMultiSpec\xClassifyParallelPipedDialog.cpp">
      <Filter>Source Files\wxMultiSpec</Filter>
    </ClCompile>
  </ItemGroup>
  <ItemGroup>
    <ClInclude Include="..\SharedMultiSpec\SConstants.h">
      <Filter>Header Files\SharedMultiSpec</Filter>
    </ClInclude>
    <ClInclude Include="..\SharedMultiSpec\SDeclareGlobals.h">
      <Filter>Header Files\SharedMultiSpec</Filter>
    </ClInclude>
    <ClInclude Include="..\SharedMultiSpec\SDefines.h">
      <Filter>Header Files\SharedMultiSpec</Filter>
    </ClInclude>
    <ClInclude Include="..\SharedMultiSpec\SDisplay_class.h">
      <Filter>Header Files\SharedMultiSpec</Filter>
    </ClInclude>
    <ClInclude Include="..\SharedMultiSpec\SEcho.h">
      <Filter>Header Files\SharedMultiSpec</Filter>
    </ClInclude>
    <ClInclude Include="..\SharedMultiSpec\SEchoDefines.h">
      <Filter>Header Files\SharedMultiSpec</Filter>
    </ClInclude>
    <ClInclude Include="..\SharedMultiSpec\SEchoPrototypes.h">
      <Filter>Header Files\SharedMultiSpec</Filter>
    </ClInclude>
    <ClInclude Include="..\SharedMultiSpec\SExternalGlobals.h">
      <Filter>Header Files\SharedMultiSpec</Filter>
    </ClInclude>
    <ClInclude Include="..\SharedMultiSpec\SFileStream_class.h">
      <Filter>Header Files\SharedMultiSpec</Filter>
    </ClInclude>
    <ClInclude Include="..\SharedMultiSpec\SGraphic.h">
      <Filter>Header Files\SharedMultiSpec</Filter>
    </ClInclude>
    <ClInclude Include="..\SharedMultiSpec\SHistogram_class.h">
      <Filter>Header Files\SharedMultiSpec</Filter>
    </ClInclude>
    <ClInclude Include="..\SharedMultiSpec\SImageWindow_class.h">
      <Filter>Header Files\SharedMultiSpec</Filter>
    </ClInclude>
    <ClInclude Include="..\SharedMultiSpec\SMultiSpec.h">
      <Filter>Header Files\SharedMultiSpec</Filter>
    </ClInclude>
    <ClInclude Include="..\SharedMultiSpec\SPalette_class.h">
      <Filter>Header Files\SharedMultiSpec</Filter>
    </ClInclude>
    <ClInclude Include="..\SharedMultiSpec\SPrototypes.h">
      <Filter>Header Files\SharedMultiSpec</Filter>
    </ClInclude>
    <ClInclude Include="..\SharedMultiSpec\SResourceConstants.h">
      <Filter>Header Files\SharedMultiSpec</Filter>
    </ClInclude>
    <ClInclude Include="..\SharedMultiSpec\Ssvm.h">
      <Filter>Header Files\SharedMultiSpec</Filter>
    </ClInclude>
    <ClInclude Include="..\SharedMultiSpec\SWindowInfo_class.h">
      <Filter>Header Files\SharedMultiSpec</Filter>
    </ClInclude>
    <ClInclude Include="..\wxMultiSpec\xAbout.h">
      <Filter>Header Files\wxMultiSpec</Filter>
    </ClInclude>
    <ClInclude Include="..\wxMultiSpec\xBiplotDialog.h">
      <Filter>Header Files\wxMultiSpec</Filter>
    </ClInclude>
    <ClInclude Include="..\wxMultiSpec\xBitmapRefData.h">
      <Filter>Header Files\wxMultiSpec</Filter>
    </ClInclude>
    <ClInclude Include="..\wxMultiSpec\xChangeChannelDescriptionDialog.h">
      <Filter>Header Files\wxMultiSpec</Filter>
    </ClInclude>
    <ClInclude Include="..\wxMultiSpec\xChannelsDialog.h">
      <Filter>Header Files\wxMultiSpec</Filter>
    </ClInclude>
    <ClInclude Include="..\wxMultiSpec\xClassesDialog.h">
      <Filter>Header Files\wxMultiSpec</Filter>
    </ClInclude>
    <ClInclude Include="..\wxMultiSpec\xClassGroupDialog.h">
      <Filter>Header Files\wxMultiSpec</Filter>
    </ClInclude>
    <ClInclude Include="..\wxMultiSpec\xClassifyCEMDialog.h">
      <Filter>Header Files\wxMultiSpec</Filter>
    </ClInclude>
    <ClInclude Include="..\wxMultiSpec\xClassifyCorrelationDialog.h">
      <Filter>Header Files\wxMultiSpec</Filter>
    </ClInclude>
    <ClInclude Include="..\wxMultiSpec\xClassifyDialog.h">
      <Filter>Header Files\wxMultiSpec</Filter>
    </ClInclude>
    <ClInclude Include="..\wxMultiSpec\xClassifyEchoDialog.h">
      <Filter>Header Files\wxMultiSpec</Filter>
    </ClInclude>
    <ClInclude Include="..\wxMultiSpec\xClassifyKNNDialog.h">
      <Filter>Header Files\wxMultiSpec</Filter>
    </ClInclude>
    <ClInclude Include="..\wxMultiSpec\xClassifySVMDialog.h">
      <Filter>Header Files\wxMultiSpec</Filter>
    </ClInclude>
    <ClInclude Include="..\wxMultiSpec\xClassPairWeightsDialog.h">
      <Filter>Header Files\wxMultiSpec</Filter>
    </ClInclude>
    <ClInclude Include="..\wxMultiSpec\xClassWeightsDialog.h">
      <Filter>Header Files\wxMultiSpec</Filter>
    </ClInclude>
    <ClInclude Include="..\wxMultiSpec\xClusterDialog.h">
      <Filter>Header Files\wxMultiSpec</Filter>
    </ClInclude>
    <ClInclude Include="..\wxMultiSpec\xClusterIsodataDialog.h">
      <Filter>Header Files\wxMultiSpec</Filter>
    </ClInclude>
    <ClInclude Include="..\wxMultiSpec\xClusterSinglePassDialog.h">
      <Filter>Header Files\wxMultiSpec</Filter>
    </ClInclude>
    <ClInclude Include="..\wxMultiSpec\xCoordinateBar.h">
      <Filter>Header Files\wxMultiSpec</Filter>
    </ClInclude>
    <ClInclude Include="..\wxMultiSpec\xDialog.h">
      <Filter>Header Files\wxMultiSpec</Filter>
    </ClInclude>
    <ClInclude Include="..\wxMultiSpec\xDisplayMinMaxDialog.h">
      <Filter>Header Files\wxMultiSpec</Filter>
    </ClInclude>
    <ClInclude Include="..\wxMultiSpec\xDisplayMultispectralDialog.h">
      <Filter>Header Files\wxMultiSpec</Filter>
    </ClInclude>
    <ClInclude Include="..\wxMultiSpec\xDisplayThematicDialog.h">
      <Filter>Header Files\wxMultiSpec</Filter>
    </ClInclude>
    <ClInclude Include="..\wxMultiSpec\xDrawObjects.h">
      <Filter>Header Files\wxMultiSpec</Filter>
    </ClInclude>
    <ClInclude Include="..\wxMultiSpec\xEditClassFieldDialog.h">
      <Filter>Header Files\wxMultiSpec</Filter>
    </ClInclude>
    <ClInclude Include="..\wxMultiSpec\xEditClassGroupDialog.h">
      <Filter>Header Files\wxMultiSpec</Filter>
    </ClInclude>
    <ClInclude Include="..\wxMultiSpec\xEditSelectionDialog.h">
      <Filter>Header Files\wxMultiSpec</Filter>
    </ClInclude>
    <ClInclude Include="..\wxMultiSpec\xEnhanceStatisticsDialog.h">
      <Filter>Header Files\wxMultiSpec</Filter>
    </ClInclude>
    <ClInclude Include="..\wxMultiSpec\xEvaluateCovariancesDialog.h">
      <Filter>Header Files\wxMultiSpec</Filter>
    </ClInclude>
    <ClInclude Include="..\wxMultiSpec\xEvaluateTransformationDialog.h">
      <Filter>Header Files\wxMultiSpec</Filter>
    </ClInclude>
    <ClInclude Include="..\wxMultiSpec\xFalseColorDialog.h">
      <Filter>Header Files\wxMultiSpec</Filter>
    </ClInclude>
    <ClInclude Include="..\wxMultiSpec\xFeatureExtractionDialog.h">
      <Filter>Header Files\wxMultiSpec</Filter>
    </ClInclude>
    <ClInclude Include="..\wxMultiSpec\xFeatureSelectionDialog.h">
      <Filter>Header Files\wxMultiSpec</Filter>
    </ClInclude>
    <ClInclude Include="..\wxMultiSpec\xFieldsToThematicDialog.h">
      <Filter>Header Files\wxMultiSpec</Filter>
    </ClInclude>
    <ClInclude Include="..\wxMultiSpec\xFileFormatDialog.h">
      <Filter>Header Files\wxMultiSpec</Filter>
    </ClInclude>
    <ClInclude Include="..\wxMultiSpec\xGaussianParameterDialog.h">
      <Filter>Header Files\wxMultiSpec</Filter>
    </ClInclude>
    <ClInclude Include="..\wxMultiSpec\xGraphDoc.h">
      <Filter>Header Files\wxMultiSpec</Filter>
    </ClInclude>
    <ClInclude Include="..\wxMultiSpec\xGraphFrame.h">
      <Filter>Header Files\wxMultiSpec</Filter>
    </ClInclude>
    <ClInclude Include="..\wxMultiSpec\xGraphView.h">
      <Filter>Header Files\wxMultiSpec</Filter>
    </ClInclude>
    <ClInclude Include="..\wxMultiSpec\xHistogramDialog.h">
      <Filter>Header Files\wxMultiSpec</Filter>
    </ClInclude>
    <ClInclude Include="..\wxMultiSpec\xImageCanvas.h">
      <Filter>Header Files\wxMultiSpec</Filter>
    </ClInclude>
    <ClInclude Include="..\wxMultiSpec\xImageDoc.h">
      <Filter>Header Files\wxMultiSpec</Filter>
    </ClInclude>
    <ClInclude Include="..\wxMultiSpec\xImageFrame.h">
      <Filter>Header Files\wxMultiSpec</Filter>
    </ClInclude>
    <ClInclude Include="..\wxMultiSpec\xImageView.h">
      <Filter>Header Files\wxMultiSpec</Filter>
    </ClInclude>
    <ClInclude Include="..\wxMultiSpec\xLeaveOneOutMixingDialog.h">
      <Filter>Header Files\wxMultiSpec</Filter>
    </ClInclude>
    <ClInclude Include="..\wxMultiSpec\xLegendList.h">
      <Filter>Header Files\wxMultiSpec</Filter>
    </ClInclude>
    <ClInclude Include="..\wxMultiSpec\xLegendView.h">
      <Filter>Header Files\wxMultiSpec</Filter>
    </ClInclude>
    <ClInclude Include="..\wxMultiSpec\xListDataDialog.h">
      <Filter>Header Files\wxMultiSpec</Filter>
    </ClInclude>
    <ClInclude Include="..\wxMultiSpec\xListResultsDialog.h">
      <Filter>Header Files\wxMultiSpec</Filter>
    </ClInclude>
    <ClInclude Include="..\wxMultiSpec\xListResultsOptionsDialog.h">
      <Filter>Header Files\wxMultiSpec</Filter>
    </ClInclude>
    <ClInclude Include="..\wxMultiSpec\xMainFrame.h">
      <Filter>Header Files\wxMultiSpec</Filter>
    </ClInclude>
    <ClInclude Include="..\wxMultiSpec\xMapCoordinateDialog.h">
      <Filter>Header Files\wxMultiSpec</Filter>
    </ClInclude>
    <ClInclude Include="..\wxMultiSpec\xMosaicTwoImagesDialog.h">
      <Filter>Header Files\wxMultiSpec</Filter>
    </ClInclude>
    <ClInclude Include="..\wxMultiSpec\xMultiSpec.h">
      <Filter>Header Files\wxMultiSpec</Filter>
    </ClInclude>
    <ClInclude Include="..\wxMultiSpec\xNewClassFieldDialog.h">
      <Filter>Header Files\wxMultiSpec</Filter>
    </ClInclude>
    <ClInclude Include="..\wxMultiSpec\xOneColumnDialog.h">
      <Filter>Header Files\wxMultiSpec</Filter>
    </ClInclude>
    <ClInclude Include="..\wxMultiSpec\xOpenFileDialog.h">
      <Filter>Header Files\wxMultiSpec</Filter>
    </ClInclude>
    <ClInclude Include="..\wxMultiSpec\xOverlayParametersDialog.h">
      <Filter>Header Files\wxMultiSpec</Filter>
    </ClInclude>
    <ClInclude Include="..\wxMultiSpec\xPrincipalComponentsDialog.h">
      <Filter>Header Files\wxMultiSpec</Filter>
    </ClInclude>
    <ClInclude Include="..\wxMultiSpec\xProjectionPursuitDialog.h">
      <Filter>Header Files\wxMultiSpec</Filter>
    </ClInclude>
    <ClInclude Include="..\wxMultiSpec\xRecodeThematicImageDialog.h">
      <Filter>Header Files\wxMultiSpec</Filter>
    </ClInclude>
    <ClInclude Include="..\wxMultiSpec\xReformatChangeDialog.h">
      <Filter>Header Files\wxMultiSpec</Filter>
    </ClInclude>
    <ClInclude Include="..\wxMultiSpec\xReformatCompareImagesDialog.h">
      <Filter>Header Files\wxMultiSpec</Filter>
    </ClInclude>
    <ClInclude Include="..\wxMultiSpec\xReformatRectifyDialog.h">
      <Filter>Header Files\wxMultiSpec</Filter>
    </ClInclude>
    <ClInclude Include="..\wxMultiSpec\xReformatTransformDialog.h">
      <Filter>Header Files\wxMultiSpec</Filter>
    </ClInclude>
    <ClInclude Include="..\wxMultiSpec\xResource.h">
      <Filter>Header Files\wxMultiSpec</Filter>
    </ClInclude>
    <ClInclude Include="..\wxMultiSpec\xStatisticsDialog.h">
      <Filter>Header Files\wxMultiSpec</Filter>
    </ClInclude>
    <ClInclude Include="..\wxMultiSpec\xStatisticsDoc.h">
      <Filter>Header Files\wxMultiSpec</Filter>
    </ClInclude>
    <ClInclude Include="..\wxMultiSpec\xStatisticsFrame.h">
      <Filter>Header Files\wxMultiSpec</Filter>
    </ClInclude>
    <ClInclude Include="..\wxMultiSpec\xStatisticsHistogramDialog.h">
      <Filter>Header Files\wxMultiSpec</Filter>
    </ClInclude>
    <ClInclude Include="..\wxMultiSpec\xStatisticsImageDialog.h">
      <Filter>Header Files\wxMultiSpec</Filter>
    </ClInclude>
    <ClInclude Include="..\wxMultiSpec\xStatisticsListDialog.h">
      <Filter>Header Files\wxMultiSpec</Filter>
    </ClInclude>
    <ClInclude Include="..\wxMultiSpec\xStatisticsOptionsDialog.h">
      <Filter>Header Files\wxMultiSpec</Filter>
    </ClInclude>
    <ClInclude Include="..\wxMultiSpec\xStatisticsView.h">
      <Filter>Header Files\wxMultiSpec</Filter>
    </ClInclude>
    <ClInclude Include="..\wxMultiSpec\xStatusDialog.h">
      <Filter>Header Files\wxMultiSpec</Filter>
    </ClInclude>
    <ClInclude Include="..\wxMultiSpec\xTextDoc.h">
      <Filter>Header Files\wxMultiSpec</Filter>
    </ClInclude>
    <ClInclude Include="..\wxMultiSpec\xTextFrame.h">
      <Filter>Header Files\wxMultiSpec</Filter>
    </ClInclude>
    <ClInclude Include="..\wxMultiSpec\xTextView.h">
      <Filter>Header Files\wxMultiSpec</Filter>
    </ClInclude>
    <ClInclude Include="..\wxMultiSpec\xTitleBar.h">
      <Filter>Header Files\wxMultiSpec</Filter>
    </ClInclude>
    <ClInclude Include="..\wxMultiSpec\xTools.h">
      <Filter>Header Files\wxMultiSpec</Filter>
    </ClInclude>
    <ClInclude Include="..\wxMultiSpec\resource.h">
      <Filter>Header Files</Filter>
    </ClInclude>
    <ClInclude Include="..\wxMultiSpec\xClassifyParallelPipedDialog.h">
      <Filter>Header Files\wxMultiSpec</Filter>
    </ClInclude>
  </ItemGroup>
  <ItemGroup>
    <Image Include="Resources\arrow_next.png">
      <Filter>Resource Files</Filter>
    </Image>
    <Image Include="Resources\arrow_previous.png">
      <Filter>Resource Files</Filter>
    </Image>
    <Image Include="Resources\binwidth.png">
      <Filter>Resource Files</Filter>
    </Image>
    <Image Include="Resources\blink_open.png">
      <Filter>Resource Files</Filter>
    </Image>
    <Image Include="Resources\blink_shut.png">
      <Filter>Resource Files</Filter>
    </Image>
    <Image Include="Resources\classes.png">
      <Filter>Resource Files</Filter>
    </Image>
    <Image Include="Resources\density_histogram.png">
      <Filter>Resource Files</Filter>
    </Image>
    <Image Include="Resources\overlay.png">
      <Filter>Resource Files</Filter>
    </Image>
    <Image Include="Resources\zoom_in.png">
      <Filter>Resource Files</Filter>
    </Image>
    <Image Include="Resources\zoom_out.png">
      <Filter>Resource Files</Filter>
    </Image>
    <Image Include="Resources\zoomx1.png">
      <Filter>Resource Files</Filter>
    </Image>
    <Image Include="Resources\bitmap1.bmp">
      <Filter>Resource Files</Filter>
    </Image>
    <Image Include="Resources\mspec.ico">
      <Filter>Resource Files</Filter>
    </Image>
    <Image Include="..\wxMultiSpec\Resources\mspec.ico">
      <Filter>Resource Files</Filter>
    </Image>
    <Image Include="..\wxMultiSpec\Resources\mspecdoc.ico">
      <Filter>Resource Files</Filter>
    </Image>
    <Image Include="..\wxMultiSpec\Resources\IDR_OUTT.ICO">
      <Filter>Resource Files</Filter>
    </Image>
    <Image Include="..\wxMultiSpec\Resources\entireim.bmp">
      <Filter>Resource Files</Filter>
    </Image>
    <Image Include="..\wxMultiSpec\Resources\bmp00001.bmp">
      <Filter>Resource Files</Filter>
    </Image>
    <Image Include="..\wxMultiSpec\Resources\selected.bmp">
      <Filter>Resource Files</Filter>
    </Image>
    <Image Include="..\wxMultiSpec\Resources\bmp00003.bmp">
      <Filter>Resource Files</Filter>
    </Image>
    <Image Include="..\wxMultiSpec\Resources\toentire.bmp">
      <Filter>Resource Files</Filter>
    </Image>
    <Image Include="..\wxMultiSpec\Resources\bmp00004.bmp">
      <Filter>Resource Files</Filter>
    </Image>
    <Image Include="..\wxMultiSpec\Resources\toolbar2.bmp">
      <Filter>Resource Files</Filter>
    </Image>
    <Image Include="..\wxMultiSpec\Resources\overlay.bmp">
      <Filter>Resource Files</Filter>
    </Image>
    <Image Include="..\wxMultiSpec\Resources\classes.bmp">
      <Filter>Resource Files</Filter>
    </Image>
    <Image Include="..\wxMultiSpec\Resources\binwidth.bmp">
      <Filter>Resource Files</Filter>
    </Image>
    <Image Include="..\wxMultiSpec\Resources\toolbar1.bmp">
      <Filter>Resource Files</Filter>
    </Image>
  </ItemGroup>
  <ItemGroup>
    <None Include="res\epsg_csv\gcs.csv" />
    <None Include="Resources\xStringTable.def">
      <Filter>Resource Files</Filter>
    </None>
    <None Include="Resources\open.xpm">
      <Filter>Resource Files</Filter>
    </None>
  </ItemGroup>
  <ItemGroup>
    <Library Include="..\gdal-2.1.2\gdal_64R.lib" />
    <Library Include="..\gdal-2.1.2\gdal_64D.lib" />
    <Library Include="..\wxWidgets-3.2.2.1\lib\vc_x64_lib\wxbase32ud.lib">
      <Filter>wxWidgets_d</Filter>
    </Library>
    <Library Include="..\wxWidgets-3.2.2.1\lib\vc_x64_lib\wxbase32ud_net.lib">
      <Filter>wxWidgets_d</Filter>
    </Library>
    <Library Include="..\wxWidgets-3.2.2.1\lib\vc_x64_lib\wxbase32ud_xml.lib">
      <Filter>wxWidgets_d</Filter>
    </Library>
    <Library Include="..\wxWidgets-3.2.2.1\lib\vc_x64_lib\wxexpatd.lib">
      <Filter>wxWidgets_d</Filter>
    </Library>
    <Library Include="..\wxWidgets-3.2.2.1\lib\vc_x64_lib\wxjpegd.lib">
      <Filter>wxWidgets_d</Filter>
    </Library>
    <Library Include="..\wxWidgets-3.2.2.1\lib\vc_x64_lib\wxmsw32ud_aui.lib">
      <Filter>wxWidgets_d</Filter>
    </Library>
    <Library Include="..\wxWidgets-3.2.2.1\lib\vc_x64_lib\wxmsw32ud_core.lib">
      <Filter>wxWidgets_d</Filter>
    </Library>
    <Library Include="..\wxWidgets-3.2.2.1\lib\vc_x64_lib\wxmsw32ud_gl.lib">
      <Filter>wxWidgets_d</Filter>
    </Library>
    <Library Include="..\wxWidgets-3.2.2.1\lib\vc_x64_lib\wxmsw32ud_html.lib">
      <Filter>wxWidgets_d</Filter>
    </Library>
    <Library Include="..\wxWidgets-3.2.2.1\lib\vc_x64_lib\wxmsw32ud_media.lib">
      <Filter>wxWidgets_d</Filter>
    </Library>
    <Library Include="..\wxWidgets-3.2.2.1\lib\vc_x64_lib\wxmsw32ud_propgrid.lib">
      <Filter>wxWidgets_d</Filter>
    </Library>
    <Library Include="..\wxWidgets-3.2.2.1\lib\vc_x64_lib\wxmsw32ud_qa.lib">
      <Filter>wxWidgets_d</Filter>
    </Library>
    <Library Include="..\wxWidgets-3.2.2.1\lib\vc_x64_lib\wxmsw32ud_ribbon.lib">
      <Filter>wxWidgets_d</Filter>
    </Library>
    <Library Include="..\wxWidgets-3.2.2.1\lib\vc_x64_lib\wxmsw32ud_richtext.lib">
      <Filter>wxWidgets_d</Filter>
    </Library>
    <Library Include="..\wxWidgets-3.2.2.1\lib\vc_x64_lib\wxmsw32ud_stc.lib">
      <Filter>wxWidgets_d</Filter>
    </Library>
    <Library Include="..\wxWidgets-3.2.2.1\lib\vc_x64_lib\wxmsw32ud_webview.lib">
      <Filter>wxWidgets_d</Filter>
    </Library>
    <Library Include="..\wxWidgets-3.2.2.1\lib\vc_x64_lib\wxmsw32ud_xrc.lib">
      <Filter>wxWidgets_d</Filter>
    </Library>
    <Library Include="..\wxWidgets-3.2.2.1\lib\vc_x64_lib\wxpngd.lib">
      <Filter>wxWidgets_d</Filter>
    </Library>
    <Library Include="..\wxWidgets-3.2.2.1\lib\vc_x64_lib\wxregexud.lib">
      <Filter>wxWidgets_d</Filter>
    </Library>
    <Library Include="..\wxWidgets-3.2.2.1\lib\vc_x64_lib\wxscintillad.lib">
      <Filter>wxWidgets_d</Filter>
    </Library>
    <Library Include="..\wxWidgets-3.2.2.1\lib\vc_x64_lib\wxtiffd.lib">
      <Filter>wxWidgets_d</Filter>
    </Library>
    <Library Include="..\wxWidgets-3.2.2.1\lib\vc_x64_lib\wxzlibd.lib">
      <Filter>wxWidgets_d</Filter>
    </Library>
    <Library Include="..\wxWidgets-3.2.2.1\lib\vc_x64_lib\wxmsw32u_gl.lib">
      <Filter>wxWidgets_r</Filter>
    </Library>
    <Library Include="..\wxWidgets-3.2.2.1\lib\vc_x64_lib\wxmsw32u_stc.lib">
      <Filter>wxWidgets_r</Filter>
    </Library>
    <Library Include="..\wxWidgets-3.2.2.1\lib\vc_x64_lib\wxmsw32u_richtext.lib">
      <Filter>wxWidgets_r</Filter>
    </Library>
    <Library Include="..\wxWidgets-3.2.2.1\lib\vc_x64_lib\wxmsw32u_propgrid.lib">
      <Filter>wxWidgets_r</Filter>
    </Library>
    <Library Include="..\wxWidgets-3.2.2.1\lib\vc_x64_lib\wxmsw32u_xrc.lib">
      <Filter>wxWidgets_r</Filter>
    </Library>
    <Library Include="..\wxWidgets-3.2.2.1\lib\vc_x64_lib\wxmsw32u_ribbon.lib">
      <Filter>wxWidgets_r</Filter>
    </Library>
    <Library Include="..\wxWidgets-3.2.2.1\lib\vc_x64_lib\wxmsw32u_aui.lib">
      <Filter>wxWidgets_r</Filter>
    </Library>
    <Library Include="..\wxWidgets-3.2.2.1\lib\vc_x64_lib\wxmsw32u_qa.lib">
      <Filter>wxWidgets_r</Filter>
    </Library>
    <Library Include="..\wxWidgets-3.2.2.1\lib\vc_x64_lib\wxmsw32u_webview.lib">
      <Filter>wxWidgets_r</Filter>
    </Library>
    <Library Include="..\wxWidgets-3.2.2.1\lib\vc_x64_lib\wxmsw32u_html.lib">
      <Filter>wxWidgets_r</Filter>
    </Library>
    <Library Include="..\wxWidgets-3.2.2.1\lib\vc_x64_lib\wxmsw32u_media.lib">
      <Filter>wxWidgets_r</Filter>
    </Library>
    <Library Include="..\wxWidgets-3.2.2.1\lib\vc_x64_lib\wxmsw32u_core.lib">
      <Filter>wxWidgets_r</Filter>
    </Library>
    <Library Include="..\wxWidgets-3.2.2.1\lib\vc_x64_lib\wxbase32u_net.lib">
      <Filter>wxWidgets_r</Filter>
    </Library>
    <Library Include="..\wxWidgets-3.2.2.1\lib\vc_x64_lib\wxbase32u_xml.lib">
      <Filter>wxWidgets_r</Filter>
    </Library>
    <Library Include="..\wxWidgets-3.2.2.1\lib\vc_x64_lib\wxscintilla.lib">
      <Filter>wxWidgets_r</Filter>
    </Library>
    <Library Include="..\wxWidgets-3.2.2.1\lib\vc_x64_lib\wxbase32u.lib">
      <Filter>wxWidgets_r</Filter>
    </Library>
    <Library Include="..\wxWidgets-3.2.2.1\lib\vc_x64_lib\wxtiff.lib">
      <Filter>wxWidgets_r</Filter>
    </Library>
    <Library Include="..\wxWidgets-3.2.2.1\lib\vc_x64_lib\wxjpeg.lib">
      <Filter>wxWidgets_r</Filter>
    </Library>
    <Library Include="..\wxWidgets-3.2.2.1\lib\vc_x64_lib\wxpng.lib">
      <Filter>wxWidgets_r</Filter>
    </Library>
    <Library Include="..\wxWidgets-3.2.2.1\lib\vc_x64_lib\wxregexu.lib">
      <Filter>wxWidgets_r</Filter>
    </Library>
    <Library Include="..\wxWidgets-3.2.2.1\lib\vc_x64_lib\wxexpat.lib">
      <Filter>wxWidgets_r</Filter>
    </Library>
    <Library Include="..\wxWidgets-3.2.2.1\lib\vc_x64_lib\wxzlib.lib">
      <Filter>wxWidgets_r</Filter>
    </Library>
    <Library Include="..\HDF42r2\HDF4.2r2\windows\proj\x64Release\hdf\multispec_hdf_64R.lib" />
    <Library Include="..\HDF42r2\HDF4.2r2\windows\proj\x64Debug\hdf\multispec_hdf_64D.lib" />
  </ItemGroup>
  <ItemGroup>
    <ResourceCompile Include="..\wxMultiSpec\MultiSpec_wxwin.rc">
      <Filter>Resource Files</Filter>
    </ResourceCompile>
  </ItemGroup>
</Project>