<?xml version="1.0" encoding="utf-8"?>
<Project ToolsVersion="4.0" xmlns="http://schemas.microsoft.com/developer/msbuild/2003">
  <ItemGroup>
    <Filter Include="Source Files">
      <UniqueIdentifier>{bc773bf9-0445-4b04-8ba1-411ae30652e4}</UniqueIdentifier>
      <Extensions>cpp;c;cxx;rc;def;r;odl;idl;hpj;bat;for;f90</Extensions>
    </Filter>
    <Filter Include="Header Files">
      <UniqueIdentifier>{918bdc32-f30d-4f5c-8cb9-e5771786ac7b}</UniqueIdentifier>
      <Extensions>h;hpp;hxx;hm;inl;fi;fd</Extensions>
    </Filter>
    <Filter Include="Resource Files">
      <UniqueIdentifier>{f891812c-7a33-4b15-bd6d-f3380dec519e}</UniqueIdentifier>
      <Extensions>ico;cur;bmp;dlg;rc2;rct;bin;cnt;rtf;gif;jpg;jpeg;jpe</Extensions>
    </Filter>
    <Filter Include="Source Files\windows">
      <UniqueIdentifier>{9acab62f-1695-4e65-b963-1d1c364e6339}</UniqueIdentifier>
    </Filter>
    <Filter Include="Source Files\shared">
      <UniqueIdentifier>{30a401f0-9018-4536-92fc-4bf2b925ed51}</UniqueIdentifier>
    </Filter>
    <Filter Include="Header Files\windows">
      <UniqueIdentifier>{29476eb5-a820-4c95-b62f-51c70eaf4903}</UniqueIdentifier>
    </Filter>
    <Filter Include="Header Files\shared">
      <UniqueIdentifier>{3f1735bc-cf44-4a54-bc3d-20bc8a4d9213}</UniqueIdentifier>
    </Filter>
  </ItemGroup>
  <ItemGroup>
    <ClCompile Include="..\repository\windows\WAbout.cpp">
      <Filter>Source Files\windows</Filter>
    </ClCompile>
    <ClCompile Include="..\repository\windows\WBiPlotDialog.cpp">
      <Filter>Source Files\windows</Filter>
    </ClCompile>
    <ClCompile Include="..\repository\windows\WClassGroupDialog.cpp">
      <Filter>Source Files\windows</Filter>
    </ClCompile>
    <ClCompile Include="..\repository\windows\WDialog.cpp">
      <Filter>Source Files\windows</Filter>
    </ClCompile>
    <ClCompile Include="..\repository\windows\WDisplayMultispectralDialog.cpp">
      <Filter>Source Files\windows</Filter>
    </ClCompile>
    <ClCompile Include="..\repository\windows\WDisplayThematicDialog.cpp">
      <Filter>Source Files\windows</Filter>
    </ClCompile>
    <ClCompile Include="..\repository\windows\IniReader.cpp">
      <Filter>Source Files\windows</Filter>
    </ClCompile>
    <ClCompile Include="..\repository\windows\IniWriter.cpp">
      <Filter>Source Files\windows</Filter>
    </ClCompile>
    <ClCompile Include="..\repository\shared\SArcView.cpp">
      <Filter>Source Files\shared</Filter>
    </ClCompile>
    <ClCompile Include="..\repository\shared\SBiPlotData.cpp">
      <Filter>Source Files\shared</Filter>
    </ClCompile>
    <ClCompile Include="..\repository\shared\SCluster.cpp">
      <Filter>Source Files\shared</Filter>
    </ClCompile>
    <ClCompile Include="..\repository\shared\SDisplay.cpp">
      <Filter>Source Files\shared</Filter>
    </ClCompile>
    <ClCompile Include="..\repository\shared\SDisplay4_8ByteData.cpp">
      <Filter>Source Files\shared</Filter>
    </ClCompile>
    <ClCompile Include="..\repository\shared\SEllipsePlotV.cpp">
      <Filter>Source Files\shared</Filter>
    </ClCompile>
    <ClCompile Include="..\repository\shared\SFileIO.cpp">
      <Filter>Source Files\shared</Filter>
    </ClCompile>
    <ClCompile Include="..\repository\shared\SGDALInterface.cpp">
      <Filter>Source Files\shared</Filter>
    </ClCompile>
    <ClCompile Include="..\repository\shared\SGeoTIFF.cpp">
      <Filter>Source Files\shared</Filter>
    </ClCompile>
    <ClCompile Include="..\repository\shared\SGraphic.cpp">
      <Filter>Source Files\shared</Filter>
    </ClCompile>
    <ClCompile Include="..\repository\shared\SHDF4.cpp">
      <Filter>Source Files\shared</Filter>
    </ClCompile>
    <ClCompile Include="..\repository\shared\SHDF5.cpp">
      <Filter>Source Files\shared</Filter>
    </ClCompile>
    <ClCompile Include="..\repository\shared\SImageOverlays.cpp">
      <Filter>Source Files\shared</Filter>
    </ClCompile>
    <ClCompile Include="..\repository\shared\SImagine.cpp">
      <Filter>Source Files\shared</Filter>
    </ClCompile>
    <ClCompile Include="..\repository\shared\SMask.cpp">
      <Filter>Source Files\shared</Filter>
    </ClCompile>
    <ClCompile Include="..\repository\shared\SMatlab.cpp">
      <Filter>Source Files\shared</Filter>
    </ClCompile>
    <ClCompile Include="..\repository\shared\SMenus.cpp">
      <Filter>Source Files\shared</Filter>
    </ClCompile>
    <ClCompile Include="..\repository\shared\SMosaic.cpp">
      <Filter>Source Files\shared</Filter>
    </ClCompile>
    <ClCompile Include="..\repository\shared\SNDFFormat.cpp">
      <Filter>Source Files\shared</Filter>
    </ClCompile>
    <ClCompile Include="..\repository\shared\SOther.cpp">
      <Filter>Source Files\shared</Filter>
    </ClCompile>
    <ClCompile Include="..\repository\shared\SOutlineFields.cpp">
      <Filter>Source Files\shared</Filter>
    </ClCompile>
    <ClCompile Include="..\repository\shared\SPalette.cpp">
      <Filter>Source Files\shared</Filter>
    </ClCompile>
    <ClCompile Include="..\repository\shared\SProject.cpp">
      <Filter>Source Files\shared</Filter>
    </ClCompile>
    <ClCompile Include="..\repository\shared\SProjectUtilities.cpp">
      <Filter>Source Files\shared</Filter>
    </ClCompile>
    <ClCompile Include="..\repository\windows\WMultiSpec_pch.cpp">
      <Filter>Source Files\windows</Filter>
    </ClCompile>
    <ClCompile Include="..\repository\shared\SSelectionUtility.cpp">
      <Filter>Source Files\shared</Filter>
    </ClCompile>
    <ClCompile Include="..\repository\shared\SShapeToThematic.cpp">
      <Filter>Source Files\shared</Filter>
    </ClCompile>
    <ClCompile Include="..\repository\shared\SStrings.cpp">
      <Filter>Source Files\shared</Filter>
    </ClCompile>
    <ClCompile Include="..\repository\shared\SThreads.cpp">
      <Filter>Source Files\shared</Filter>
    </ClCompile>
    <ClCompile Include="..\repository\shared\SWindow.cpp">
      <Filter>Source Files\shared</Filter>
    </ClCompile>
    <ClCompile Include="..\repository\windows\WImageSplitterWnd.cpp">
      <Filter>Source Files\windows</Filter>
    </ClCompile>
    <ClCompile Include="..\repository\windows\WLegendList.cpp">
      <Filter>Source Files\windows</Filter>
    </ClCompile>
    <ClCompile Include="..\repository\windows\WListBox.cpp">
      <Filter>Source Files\windows</Filter>
    </ClCompile>
    <ClCompile Include="..\repository\windows\WMosaicTwoImagesDialog.cpp">
      <Filter>Source Files\windows</Filter>
    </ClCompile>
    <ClCompile Include="..\repository\windows\WMultiSpec.cpp">
      <Filter>Source Files\windows</Filter>
    </ClCompile>
    <ClCompile Include="..\repository\windows\WProjectionPursuitDialog.cpp">
      <Filter>Source Files\windows</Filter>
    </ClCompile>
    <ClCompile Include="..\repository\windows\WTextDoc.cpp">
      <Filter>Source Files\windows</Filter>
    </ClCompile>
    <ClCompile Include="..\repository\windows\WToolBar.cpp">
      <Filter>Source Files\windows</Filter>
    </ClCompile>
    <ClCompile Include="..\repository\windows\WTools.cpp">
      <Filter>Source Files\windows</Filter>
    </ClCompile>
    <ClCompile Include="..\repository\shared\SStatisticsImage.cpp">
      <Filter>Source Files\shared</Filter>
    </ClCompile>
    <ClCompile Include="..\repository\windows\WAfxTextFloatFormat.cpp">
      <Filter>Source Files\windows</Filter>
    </ClCompile>
    <ClCompile Include="..\repository\shared\SClassifyDialogs.cpp">
      <Filter>Source Files\shared</Filter>
    </ClCompile>
    <ClCompile Include="..\repository\shared\SClassifyEcho.cpp">
      <Filter>Source Files\shared</Filter>
    </ClCompile>
    <ClCompile Include="..\repository\shared\SClassifyEchoControl.cpp">
      <Filter>Source Files\shared</Filter>
    </ClCompile>
    <ClCompile Include="..\repository\shared\SClassifyEchoMemory.cpp">
      <Filter>Source Files\shared</Filter>
    </ClCompile>
    <ClCompile Include="..\repository\shared\SClassifyEchoPhase.cpp">
      <Filter>Source Files\shared</Filter>
    </ClCompile>
    <ClCompile Include="..\repository\shared\SClassifyEchoUtilities.cpp">
      <Filter>Source Files\shared</Filter>
    </ClCompile>
    <ClCompile Include="..\repository\shared\SClusterIsodata.cpp">
      <Filter>Source Files\shared</Filter>
    </ClCompile>
    <ClCompile Include="..\repository\shared\SClusterSinglePass.cpp">
      <Filter>Source Files\shared</Filter>
    </ClCompile>
    <ClCompile Include="..\repository\shared\SCoordinateView.cpp">
      <Filter>Source Files\shared</Filter>
    </ClCompile>
    <ClCompile Include="..\repository\shared\SDisplayMultispectral.cpp">
      <Filter>Source Files\shared</Filter>
    </ClCompile>
    <ClCompile Include="..\repository\shared\SDisplayThematic.cpp">
      <Filter>Source Files\shared</Filter>
    </ClCompile>
    <ClCompile Include="..\repository\shared\SEditStatistics.cpp">
      <Filter>Source Files\shared</Filter>
    </ClCompile>
    <ClCompile Include="..\repository\shared\SFeatureExtraction.cpp">
      <Filter>Source Files\shared</Filter>
    </ClCompile>
    <ClCompile Include="..\repository\shared\SFeatureExtractionMath.cpp">
      <Filter>Source Files\shared</Filter>
    </ClCompile>
    <ClCompile Include="..\repository\shared\SFeatureSelection.cpp">
      <Filter>Source Files\shared</Filter>
    </ClCompile>
    <ClCompile Include="..\repository\shared\SFieldsToThematicFile.cpp">
      <Filter>Source Files\shared</Filter>
    </ClCompile>
    <ClCompile Include="..\repository\shared\SGAIARoutines.cpp">
      <Filter>Source Files\shared</Filter>
    </ClCompile>
    <ClCompile Include="..\repository\shared\SDialogUtilities.cpp">
      <Filter>Source Files\shared</Filter>
    </ClCompile>
    <ClCompile Include="..\repository\shared\SDisplayInfo.cpp">
      <Filter>Source Files\shared</Filter>
    </ClCompile>
    <ClCompile Include="..\repository\shared\SFileInfo.cpp">
      <Filter>Source Files\shared</Filter>
    </ClCompile>
    <ClCompile Include="..\repository\shared\SGraphUtilities.cpp">
      <Filter>Source Files\shared</Filter>
    </ClCompile>
    <ClCompile Include="..\repository\shared\SHistogram.cpp">
      <Filter>Source Files\shared</Filter>
    </ClCompile>
    <ClCompile Include="..\repository\shared\SHistogramInfo.cpp">
      <Filter>Source Files\shared</Filter>
    </ClCompile>
    <ClCompile Include="..\repository\shared\SDisplay16_24Bits.cpp">
      <Filter>Source Files\shared</Filter>
    </ClCompile>
    <ClCompile Include="..\repository\shared\SGraphView.cpp">
      <Filter>Source Files\shared</Filter>
    </ClCompile>
    <ClCompile Include="..\repository\shared\SListData.cpp">
      <Filter>Source Files\shared</Filter>
    </ClCompile>
    <ClCompile Include="..\repository\shared\SListResults.cpp">
      <Filter>Source Files\shared</Filter>
    </ClCompile>
    <ClCompile Include="..\repository\shared\SLOOCovariance.cpp">
      <Filter>Source Files\shared</Filter>
    </ClCompile>
    <ClCompile Include="..\repository\shared\SMapProjectionAlgorithms.cpp">
      <Filter>Source Files\shared</Filter>
    </ClCompile>
    <ClCompile Include="..\repository\shared\SMemoryUtilities.cpp">
      <Filter>Source Files\shared</Filter>
    </ClCompile>
    <ClCompile Include="..\repository\shared\SMapCoordinates.cpp">
      <Filter>Source Files\shared</Filter>
    </ClCompile>
    <ClCompile Include="..\repository\shared\SMatrixUtilities.cpp">
      <Filter>Source Files\shared</Filter>
    </ClCompile>
    <ClCompile Include="..\repository\shared\SOpenFileDialog.cpp">
      <Filter>Source Files\shared</Filter>
    </ClCompile>
    <ClCompile Include="..\repository\shared\SOpenImage.cpp">
      <Filter>Source Files\shared</Filter>
    </ClCompile>
    <ClCompile Include="..\repository\shared\SPrincipalComponents.cpp">
      <Filter>Source Files\shared</Filter>
    </ClCompile>
    <ClCompile Include="..\repository\shared\SProjectFileIO.cpp">
      <Filter>Source Files\shared</Filter>
    </ClCompile>
    <ClCompile Include="..\repository\shared\SProjectionPursuit.cpp">
      <Filter>Source Files\shared</Filter>
    </ClCompile>
    <ClCompile Include="..\repository\shared\SProjectMatrixUtilities.cpp">
      <Filter>Source Files\shared</Filter>
    </ClCompile>
    <ClCompile Include="..\repository\shared\SProcessorMemory.cpp">
      <Filter>Source Files\shared</Filter>
    </ClCompile>
    <ClCompile Include="..\repository\shared\SRecodeThematicImage.cpp">
      <Filter>Source Files\shared</Filter>
    </ClCompile>
    <ClCompile Include="..\repository\shared\SReformatChangeImageFileFormat.cpp">
      <Filter>Source Files\shared</Filter>
    </ClCompile>
    <ClCompile Include="..\repository\shared\SReformatUtilities.cpp">
      <Filter>Source Files\shared</Filter>
    </ClCompile>
    <ClCompile Include="..\repository\shared\SRectifyImage.cpp">
      <Filter>Source Files\shared</Filter>
    </ClCompile>
    <ClCompile Include="..\repository\shared\SSaveWrite.cpp">
      <Filter>Source Files\shared</Filter>
    </ClCompile>
    <ClCompile Include="..\repository\shared\SClassify.cpp">
      <Filter>Source Files\shared</Filter>
    </ClCompile>
    <ClCompile Include="..\repository\shared\SRegistration.cpp">
      <Filter>Source Files\shared</Filter>
    </ClCompile>
    <ClCompile Include="..\repository\shared\SSelectionGraph.cpp">
      <Filter>Source Files\shared</Filter>
    </ClCompile>
    <ClCompile Include="..\repository\shared\SProjectComputeStatistics.cpp">
      <Filter>Source Files\shared</Filter>
    </ClCompile>
    <ClCompile Include="..\repository\shared\SProjectHistogramStatistics.cpp">
      <Filter>Source Files\shared</Filter>
    </ClCompile>
    <ClCompile Include="..\repository\shared\SProjectListStatistics.cpp">
      <Filter>Source Files\shared</Filter>
    </ClCompile>
    <ClCompile Include="..\repository\shared\SStatisticsEnhancement.cpp">
      <Filter>Source Files\shared</Filter>
    </ClCompile>
    <ClCompile Include="..\repository\shared\SStatistics.cpp">
      <Filter>Source Files\shared</Filter>
    </ClCompile>
    <ClCompile Include="..\repository\shared\SStatisticsImageAlgorithms.cpp">
      <Filter>Source Files\shared</Filter>
    </ClCompile>
    <ClCompile Include="..\repository\shared\SThematicWindow.cpp">
      <Filter>Source Files\shared</Filter>
    </ClCompile>
    <ClCompile Include="..\repository\shared\SUtilities.cpp">
      <Filter>Source Files\shared</Filter>
    </ClCompile>
    <ClCompile Include="..\repository\shared\SWindowInfo.cpp">
      <Filter>Source Files\shared</Filter>
    </ClCompile>
    <ClCompile Include="..\repository\windows\WImageView.cpp">
      <Filter>Source Files\windows</Filter>
    </ClCompile>
    <ClCompile Include="..\repository\windows\WUtilities.cpp">
      <Filter>Source Files\windows</Filter>
    </ClCompile>
    <ClCompile Include="..\repository\windows\WAppendFileDialog.cpp">
      <Filter>Source Files\windows</Filter>
    </ClCompile>
    <ClCompile Include="..\repository\windows\WOneColumnDialog.cpp">
      <Filter>Source Files\windows</Filter>
    </ClCompile>
    <ClCompile Include="..\repository\windows\WChangeChannelDescriptionDialog.cpp">
      <Filter>Source Files\windows</Filter>
    </ClCompile>
    <ClCompile Include="..\repository\windows\WClassifyCEMDialog.cpp">
      <Filter>Source Files\windows</Filter>
    </ClCompile>
    <ClCompile Include="..\repository\windows\WClassifyCorrelationDialog.cpp">
      <Filter>Source Files\windows</Filter>
    </ClCompile>
    <ClCompile Include="..\repository\windows\WChannelsDialog.cpp">
      <Filter>Source Files\windows</Filter>
    </ClCompile>
    <ClCompile Include="..\repository\windows\WClusterIsodataDialog.cpp">
      <Filter>Source Files\windows</Filter>
    </ClCompile>
    <ClCompile Include="..\repository\windows\WClassifyDialog.cpp">
      <Filter>Source Files\windows</Filter>
    </ClCompile>
    <ClCompile Include="..\repository\windows\WClusterSinglePassDialog.cpp">
      <Filter>Source Files\windows</Filter>
    </ClCompile>
    <ClCompile Include="..\repository\windows\WClusterDialog.cpp">
      <Filter>Source Files\windows</Filter>
    </ClCompile>
    <ClCompile Include="..\repository\windows\WCoordinateBar.cpp">
      <Filter>Source Files\windows</Filter>
    </ClCompile>
    <ClCompile Include="..\repository\windows\WClassPairWeightsDialog.cpp">
      <Filter>Source Files\windows</Filter>
    </ClCompile>
    <ClCompile Include="..\repository\windows\WEvaluateCovarianceDialog.cpp">
      <Filter>Source Files\windows</Filter>
    </ClCompile>
    <ClCompile Include="..\repository\windows\WEditClassGroupDialog.cpp">
      <Filter>Source Files\windows</Filter>
    </ClCompile>
    <ClCompile Include="..\repository\windows\WClassWeightsDialog.cpp">
      <Filter>Source Files\windows</Filter>
    </ClCompile>
    <ClCompile Include="..\repository\windows\WDisplayMinMaxDialog.cpp">
      <Filter>Source Files\windows</Filter>
    </ClCompile>
    <ClCompile Include="..\repository\windows\WDrawObjects.cpp">
      <Filter>Source Files\windows</Filter>
    </ClCompile>
    <ClCompile Include="..\repository\windows\WEnhanceStatisticsDialog.cpp">
      <Filter>Source Files\windows</Filter>
    </ClCompile>
    <ClCompile Include="..\repository\windows\WClassifyEchoDialog.cpp">
      <Filter>Source Files\windows</Filter>
    </ClCompile>
    <ClCompile Include="..\repository\windows\WFalseColorDialog.cpp">
      <Filter>Source Files\windows</Filter>
    </ClCompile>
    <ClCompile Include="..\repository\windows\WFeatureExtractionDialog.cpp">
      <Filter>Source Files\windows</Filter>
    </ClCompile>
    <ClCompile Include="..\repository\windows\WOpenFileDialog.cpp">
      <Filter>Source Files\windows</Filter>
    </ClCompile>
    <ClCompile Include="..\repository\windows\WFileFormatDialog.cpp">
      <Filter>Source Files\windows</Filter>
    </ClCompile>
    <ClCompile Include="..\repository\windows\WFeatureSelectionDialog.cpp">
      <Filter>Source Files\windows</Filter>
    </ClCompile>
    <ClCompile Include="..\repository\windows\WFieldsToThematicDialog.cpp">
      <Filter>Source Files\windows</Filter>
    </ClCompile>
    <ClCompile Include="..\repository\windows\WGraphDoc.cpp">
      <Filter>Source Files\windows</Filter>
    </ClCompile>
    <ClCompile Include="..\repository\windows\WGraphFrame.cpp">
      <Filter>Source Files\windows</Filter>
    </ClCompile>
    <ClCompile Include="..\repository\windows\WHistogramDialog.cpp">
      <Filter>Source Files\windows</Filter>
    </ClCompile>
    <ClCompile Include="..\repository\windows\WImageDoc.cpp">
      <Filter>Source Files\windows</Filter>
    </ClCompile>
    <ClCompile Include="..\repository\windows\WImageFrame.cpp">
      <Filter>Source Files\windows</Filter>
    </ClCompile>
    <ClCompile Include="..\repository\windows\WListResultsOptionsDialog.cpp">
      <Filter>Source Files\windows</Filter>
    </ClCompile>
    <ClCompile Include="..\repository\windows\WLeaveOneOutMixingDialog.cpp">
      <Filter>Source Files\windows</Filter>
    </ClCompile>
    <ClCompile Include="..\repository\windows\WListDataDialog.cpp">
      <Filter>Source Files\windows</Filter>
    </ClCompile>
    <ClCompile Include="..\repository\windows\WListResultsDialog.cpp">
      <Filter>Source Files\windows</Filter>
    </ClCompile>
    <ClCompile Include="..\repository\windows\WMainFrame.cpp">
      <Filter>Source Files\windows</Filter>
    </ClCompile>
    <ClCompile Include="..\repository\windows\WMapCoordinateDialog.cpp">
      <Filter>Source Files\windows</Filter>
    </ClCompile>
    <ClCompile Include="..\repository\windows\WColorDialog.cpp">
      <Filter>Source Files\windows</Filter>
    </ClCompile>
    <ClCompile Include="..\repository\windows\WNewClassFieldDialog.cpp">
      <Filter>Source Files\windows</Filter>
    </ClCompile>
    <ClCompile Include="..\repository\windows\WOverlayParametersDialog.cpp">
      <Filter>Source Files\windows</Filter>
    </ClCompile>
    <ClCompile Include="..\repository\windows\WGaussianParameterDialog.cpp">
      <Filter>Source Files\windows</Filter>
    </ClCompile>
    <ClCompile Include="..\repository\windows\WPrincipalComponentsDialog.cpp">
      <Filter>Source Files\windows</Filter>
    </ClCompile>
    <ClCompile Include="..\repository\windows\WEditClassFieldDialog.cpp">
      <Filter>Source Files\windows</Filter>
    </ClCompile>
    <ClCompile Include="..\repository\windows\WReformatChangeDialog.cpp">
      <Filter>Source Files\windows</Filter>
    </ClCompile>
    <ClCompile Include="..\repository\windows\WRecodeThematicImageDialog.cpp">
      <Filter>Source Files\windows</Filter>
    </ClCompile>
    <ClCompile Include="..\repository\windows\WReformatRectifyDialog.cpp">
      <Filter>Source Files\windows</Filter>
    </ClCompile>
    <ClCompile Include="..\repository\windows\WReformatTransformDialog.cpp">
      <Filter>Source Files\windows</Filter>
    </ClCompile>
    <ClCompile Include="..\repository\windows\WReformatChangeHeaderDialog.cpp">
      <Filter>Source Files\windows</Filter>
    </ClCompile>
    <ClCompile Include="..\repository\windows\WStatusDialog.cpp">
      <Filter>Source Files\windows</Filter>
    </ClCompile>
    <ClCompile Include="..\repository\windows\WStatisticsListDialog.cpp">
      <Filter>Source Files\windows</Filter>
    </ClCompile>
    <ClCompile Include="..\repository\windows\WStatisticsDoc.cpp">
      <Filter>Source Files\windows</Filter>
    </ClCompile>
    <ClCompile Include="..\repository\windows\WStatisticsFrame.cpp">
      <Filter>Source Files\windows</Filter>
    </ClCompile>
    <ClCompile Include="..\repository\windows\WStatisticsHistogramDialog.cpp">
      <Filter>Source Files\windows</Filter>
    </ClCompile>
    <ClCompile Include="..\repository\windows\WStatisticsImageDialog.cpp">
      <Filter>Source Files\windows</Filter>
    </ClCompile>
    <ClCompile Include="..\repository\windows\WStatisticsView.cpp">
      <Filter>Source Files\windows</Filter>
    </ClCompile>
    <ClCompile Include="..\repository\windows\WTextFrame.cpp">
      <Filter>Source Files\windows</Filter>
    </ClCompile>
    <ClCompile Include="..\repository\windows\WTextView.cpp">
      <Filter>Source Files\windows</Filter>
    </ClCompile>
    <ClCompile Include="..\repository\windows\WLegendView.cpp">
      <Filter>Source Files\windows</Filter>
    </ClCompile>
    <ClCompile Include="..\repository\windows\WEvaluateTransformationDialog.cpp">
      <Filter>Source Files\windows</Filter>
    </ClCompile>
    <ClCompile Include="..\repository\windows\WClassesDialog.cpp">
      <Filter>Source Files\windows</Filter>
    </ClCompile>
    <ClCompile Include="..\repository\windows\WStatisticsOptionsDialog.cpp">
      <Filter>Source Files\windows</Filter>
    </ClCompile>
    <ClCompile Include="..\repository\windows\WStatisticsDialog.cpp">
      <Filter>Source Files\windows</Filter>
    </ClCompile>
    <ClCompile Include="..\repository\windows\WEditSelectionDialog.cpp">
      <Filter>Source Files\windows</Filter>
    </ClCompile>
    <ClCompile Include="..\repository\windows\WGraphView.cpp">
      <Filter>Source Files\windows</Filter>
    </ClCompile>
    <ClCompile Include="..\repository\windows\WClassifyKNNDialog.cpp">
      <Filter>Source Files\windows</Filter>
    </ClCompile>
    <ClCompile Include="..\repository\shared\Ssvm.cpp">
      <Filter>Source Files\shared</Filter>
    </ClCompile>
    <ClCompile Include="..\repository\windows\WClassifySVMDialog.cpp">
      <Filter>Source Files\windows</Filter>
    </ClCompile>
    <ClCompile Include="..\repository\shared\SDisplay_class.cpp">
      <Filter>Source Files\shared</Filter>
    </ClCompile>
    <ClCompile Include="..\repository\shared\SHistogram_class.cpp">
      <Filter>Source Files\shared</Filter>
    </ClCompile>
    <ClCompile Include="..\repository\shared\SImageWindow_class.cpp">
      <Filter>Source Files\shared</Filter>
    </ClCompile>
    <ClCompile Include="..\repository\shared\SStubs.cpp">
      <Filter>Source Files\shared</Filter>
    </ClCompile>
    <ClCompile Include="..\repository\shared\SWindowInfo_class.cpp">
      <Filter>Source Files\shared</Filter>
    </ClCompile>
    <ClCompile Include="..\repository\shared\SFileStream_class.cpp">
      <Filter>Source Files\shared</Filter>
    </ClCompile>
    <ClCompile Include="..\repository\shared\SPalette_class.cpp">
      <Filter>Source Files\shared</Filter>
    </ClCompile>
  </ItemGroup>
  <ItemGroup>
    <ClInclude Include="..\repository\windows\WAbout.h">
      <Filter>Header Files\windows</Filter>
    </ClInclude>
    <ClInclude Include="..\repository\windows\WBiPlotDialog.h">
      <Filter>Header Files\windows</Filter>
    </ClInclude>
    <ClInclude Include="..\repository\windows\WClassGroupDialog.h">
      <Filter>Header Files\windows</Filter>
    </ClInclude>
    <ClInclude Include="..\repository\windows\WDialog.h">
      <Filter>Header Files\windows</Filter>
    </ClInclude>
    <ClInclude Include="..\repository\windows\WDisplayMultispectralDialog.h">
      <Filter>Header Files\windows</Filter>
    </ClInclude>
    <ClInclude Include="..\repository\windows\WDisplayThematicDialog.h">
      <Filter>Header Files\windows</Filter>
    </ClInclude>
    <ClInclude Include="..\repository\windows\WImageSplitterWnd.h">
      <Filter>Header Files\windows</Filter>
    </ClInclude>
    <ClInclude Include="..\repository\windows\WLegendList.h">
      <Filter>Header Files\windows</Filter>
    </ClInclude>
    <ClInclude Include="..\repository\windows\WListBox.h">
      <Filter>Header Files\windows</Filter>
    </ClInclude>
    <ClInclude Include="..\repository\windows\WMosaicTwoImagesDialog.h">
      <Filter>Header Files\windows</Filter>
    </ClInclude>
    <ClInclude Include="..\repository\windows\WMultiSpec.h">
      <Filter>Header Files\windows</Filter>
    </ClInclude>
    <ClInclude Include="..\repository\windows\WProjectionPursuitDialog.h">
      <Filter>Header Files\windows</Filter>
    </ClInclude>
    <ClInclude Include="..\repository\windows\WTextDoc.h">
      <Filter>Header Files\windows</Filter>
    </ClInclude>
    <ClInclude Include="..\repository\windows\WToolBar.h">
      <Filter>Header Files\windows</Filter>
    </ClInclude>
    <ClInclude Include="..\repository\windows\WTools.h">
      <Filter>Header Files\windows</Filter>
    </ClInclude>
    <ClInclude Include="..\repository\windows\resource.h">
      <Filter>Header Files\windows</Filter>
    </ClInclude>
    <ClInclude Include="..\repository\shared\SDefines.h">
      <Filter>Header Files\shared</Filter>
    </ClInclude>
    <ClInclude Include="..\repository\shared\SGraphic.h">
      <Filter>Header Files\shared</Filter>
    </ClInclude>
    <ClInclude Include="..\repository\shared\SEcho.h">
      <Filter>Header Files\shared</Filter>
    </ClInclude>
    <ClInclude Include="..\repository\windows\IniReader.h">
      <Filter>Header Files\windows</Filter>
    </ClInclude>
    <ClInclude Include="..\repository\windows\IniWriter.h">
      <Filter>Header Files\windows</Filter>
    </ClInclude>
    <ClInclude Include="..\repository\windows\Stdafx.h">
      <Filter>Header Files\windows</Filter>
    </ClInclude>
    <ClInclude Include="..\repository\shared\SConstants.h">
      <Filter>Header Files\shared</Filter>
    </ClInclude>
    <ClInclude Include="..\repository\shared\SDeclareGlobals.h">
      <Filter>Header Files\shared</Filter>
    </ClInclude>
    <ClInclude Include="..\repository\shared\SEchoDefines.h">
      <Filter>Header Files\shared</Filter>
    </ClInclude>
    <ClInclude Include="..\repository\shared\SEchoPrototypes.h">
      <Filter>Header Files\shared</Filter>
    </ClInclude>
    <ClInclude Include="..\repository\shared\SExternalGlobals.h">
      <Filter>Header Files\shared</Filter>
    </ClInclude>
    <ClInclude Include="..\repository\shared\SMultiSpec.h">
      <Filter>Header Files\shared</Filter>
    </ClInclude>
    <ClInclude Include="..\repository\shared\SPrototypes.h">
      <Filter>Header Files\shared</Filter>
    </ClInclude>
    <ClInclude Include="..\repository\shared\SResourceConstants.h">
      <Filter>Header Files\shared</Filter>
    </ClInclude>
    <ClInclude Include="..\repository\windows\WImageView.h">
      <Filter>Header Files\windows</Filter>
    </ClInclude>
    <ClInclude Include="..\repository\windows\WAppendFileDialog.h">
      <Filter>Header Files\windows</Filter>
    </ClInclude>
    <ClInclude Include="..\repository\windows\WOneColumnDialog.h">
      <Filter>Header Files\windows</Filter>
    </ClInclude>
    <ClInclude Include="..\repository\windows\WChangeChannelDescriptionDialog.h">
      <Filter>Header Files\windows</Filter>
    </ClInclude>
    <ClInclude Include="..\repository\windows\WClassifyCEMDialog.h">
      <Filter>Header Files\windows</Filter>
    </ClInclude>
    <ClInclude Include="..\repository\windows\WClassifyCorrelationDialog.h">
      <Filter>Header Files\windows</Filter>
    </ClInclude>
    <ClInclude Include="..\repository\windows\WChannelsDialog.h">
      <Filter>Header Files\windows</Filter>
    </ClInclude>
    <ClInclude Include="..\repository\windows\WClassesDialog.h">
      <Filter>Header Files\windows</Filter>
    </ClInclude>
    <ClInclude Include="..\repository\windows\WClusterIsodataDialog.h">
      <Filter>Header Files\windows</Filter>
    </ClInclude>
    <ClInclude Include="..\repository\windows\WClassifyDialog.h">
      <Filter>Header Files\windows</Filter>
    </ClInclude>
    <ClInclude Include="..\repository\windows\WClusterSinglePassDialog.h">
      <Filter>Header Files\windows</Filter>
    </ClInclude>
    <ClInclude Include="..\repository\windows\WClusterDialog.h">
      <Filter>Header Files\windows</Filter>
    </ClInclude>
    <ClInclude Include="..\repository\windows\WCoordinateBar.h">
      <Filter>Header Files\windows</Filter>
    </ClInclude>
    <ClInclude Include="..\repository\windows\WEvaluateCovarianceDialog.h">
      <Filter>Header Files\windows</Filter>
    </ClInclude>
    <ClInclude Include="..\repository\windows\WClassPairWeightsDialog.h">
      <Filter>Header Files\windows</Filter>
    </ClInclude>
    <ClInclude Include="..\repository\windows\WEditClassGroupDialog.h">
      <Filter>Header Files\windows</Filter>
    </ClInclude>
    <ClInclude Include="..\repository\windows\WClassWeightsDialog.h">
      <Filter>Header Files\windows</Filter>
    </ClInclude>
    <ClInclude Include="..\repository\windows\WDisplayMinMaxDialog.h">
      <Filter>Header Files\windows</Filter>
    </ClInclude>
    <ClInclude Include="..\repository\windows\WDrawObjects.h">
      <Filter>Header Files\windows</Filter>
    </ClInclude>
    <ClInclude Include="..\repository\windows\WClassifyEchoDialog.h">
      <Filter>Header Files\windows</Filter>
    </ClInclude>
    <ClInclude Include="..\repository\windows\WEnhanceStatisticsDialog.h">
      <Filter>Header Files\windows</Filter>
    </ClInclude>
    <ClInclude Include="..\repository\windows\WFalseColorDialog.h">
      <Filter>Header Files\windows</Filter>
    </ClInclude>
    <ClInclude Include="..\repository\windows\WFeatureExtractionDialog.h">
      <Filter>Header Files\windows</Filter>
    </ClInclude>
    <ClInclude Include="..\repository\windows\WOpenFileDialog.h">
      <Filter>Header Files\windows</Filter>
    </ClInclude>
    <ClInclude Include="..\repository\windows\WFileFormatDialog.h">
      <Filter>Header Files\windows</Filter>
    </ClInclude>
    <ClInclude Include="..\repository\windows\WFieldsToThematicDialog.h">
      <Filter>Header Files\windows</Filter>
    </ClInclude>
    <ClInclude Include="..\repository\windows\WFeatureSelectionDialog.h">
      <Filter>Header Files\windows</Filter>
    </ClInclude>
    <ClInclude Include="..\repository\windows\WGraphDoc.h">
      <Filter>Header Files\windows</Filter>
    </ClInclude>
    <ClInclude Include="..\repository\windows\WGraphFrame.h">
      <Filter>Header Files\windows</Filter>
    </ClInclude>
    <ClInclude Include="..\repository\windows\WHistogramDialog.h">
      <Filter>Header Files\windows</Filter>
    </ClInclude>
    <ClInclude Include="..\repository\windows\WImageDoc.h">
      <Filter>Header Files\windows</Filter>
    </ClInclude>
    <ClInclude Include="..\repository\windows\WImageFrame.h">
      <Filter>Header Files\windows</Filter>
    </ClInclude>
    <ClInclude Include="..\repository\windows\WListResultsOptionsDialog.h">
      <Filter>Header Files\windows</Filter>
    </ClInclude>
    <ClInclude Include="..\repository\windows\WLeaveOneOutMixingDialog.h">
      <Filter>Header Files\windows</Filter>
    </ClInclude>
    <ClInclude Include="..\repository\windows\WListDataDialog.h">
      <Filter>Header Files\windows</Filter>
    </ClInclude>
    <ClInclude Include="..\repository\windows\WListResultsDialog.h">
      <Filter>Header Files\windows</Filter>
    </ClInclude>
    <ClInclude Include="..\repository\windows\WMainFrame.h">
      <Filter>Header Files\windows</Filter>
    </ClInclude>
    <ClInclude Include="..\repository\windows\WMapCoordinateDialog.h">
      <Filter>Header Files\windows</Filter>
    </ClInclude>
    <ClInclude Include="..\repository\windows\WColorDialog.h">
      <Filter>Header Files\windows</Filter>
    </ClInclude>
    <ClInclude Include="..\repository\windows\WNewClassFieldDialog.h">
      <Filter>Header Files\windows</Filter>
    </ClInclude>
    <ClInclude Include="..\repository\windows\WOverlayParametersDialog.h">
      <Filter>Header Files\windows</Filter>
    </ClInclude>
    <ClInclude Include="..\repository\windows\WGaussianParameterDialog.h">
      <Filter>Header Files\windows</Filter>
    </ClInclude>
    <ClInclude Include="..\repository\windows\WPrincipalComponentsDialog.h">
      <Filter>Header Files\windows</Filter>
    </ClInclude>
    <ClInclude Include="..\repository\windows\WEditClassFieldDialog.h">
      <Filter>Header Files\windows</Filter>
    </ClInclude>
    <ClInclude Include="..\repository\windows\WReformatChangeDialog.h">
      <Filter>Header Files\windows</Filter>
    </ClInclude>
    <ClInclude Include="..\repository\windows\WRecodeThematicImageDialog.h">
      <Filter>Header Files\windows</Filter>
    </ClInclude>
    <ClInclude Include="..\repository\windows\WReformatRectifyDialog.h">
      <Filter>Header Files\windows</Filter>
    </ClInclude>
    <ClInclude Include="..\repository\windows\WReformatTransformDialog.h">
      <Filter>Header Files\windows</Filter>
    </ClInclude>
    <ClInclude Include="..\repository\windows\WReformatChangeHeaderDialog.h">
      <Filter>Header Files\windows</Filter>
    </ClInclude>
    <ClInclude Include="..\repository\windows\WStatusDialog.h">
      <Filter>Header Files\windows</Filter>
    </ClInclude>
    <ClInclude Include="..\repository\windows\WStatisticsListDialog.h">
      <Filter>Header Files\windows</Filter>
    </ClInclude>
    <ClInclude Include="..\repository\windows\WStatisticsDoc.h">
      <Filter>Header Files\windows</Filter>
    </ClInclude>
    <ClInclude Include="..\repository\windows\WStatisticsFrame.h">
      <Filter>Header Files\windows</Filter>
    </ClInclude>
    <ClInclude Include="..\repository\windows\WStatisticsHistogramDialog.h">
      <Filter>Header Files\windows</Filter>
    </ClInclude>
    <ClInclude Include="..\repository\windows\WStatisticsImageDialog.h">
      <Filter>Header Files\windows</Filter>
    </ClInclude>
    <ClInclude Include="..\repository\windows\WStatisticsView.h">
      <Filter>Header Files\windows</Filter>
    </ClInclude>
    <ClInclude Include="..\repository\windows\WTextFrame.h">
      <Filter>Header Files\windows</Filter>
    </ClInclude>
    <ClInclude Include="..\repository\windows\WTextView.h">
      <Filter>Header Files\windows</Filter>
    </ClInclude>
    <ClInclude Include="..\repository\windows\WLegendView.h">
      <Filter>Header Files\windows</Filter>
    </ClInclude>
    <ClInclude Include="..\repository\windows\WEvaluateTransformationDialog.h">
      <Filter>Header Files\windows</Filter>
    </ClInclude>
    <ClInclude Include="..\repository\windows\WStatisticsDialog.h">
      <Filter>Header Files\windows</Filter>
    </ClInclude>
    <ClInclude Include="..\repository\windows\WStatisticsOptionsDialog.h">
      <Filter>Header Files\windows</Filter>
    </ClInclude>
    <ClInclude Include="..\repository\windows\WEditSelectionDialog.h">
      <Filter>Header Files\windows</Filter>
    </ClInclude>
    <ClInclude Include="..\repository\windows\WGraphView.h">
      <Filter>Header Files\windows</Filter>
    </ClInclude>
    <ClInclude Include="..\repository\windows\WClassifyKNNDialog.h">
      <Filter>Header Files\windows</Filter>
    </ClInclude>
    <ClInclude Include="..\repository\shared\Ssvm.h">
      <Filter>Header Files\shared</Filter>
    </ClInclude>
    <ClInclude Include="..\repository\windows\WClassifySVMDialog.h">
      <Filter>Header Files\windows</Filter>
    </ClInclude>
    <ClInclude Include="..\repository\shared\SDisplay_class.h">
      <Filter>Header Files\shared</Filter>
    </ClInclude>
    <ClInclude Include="..\repository\shared\SHistogram_class.h">
      <Filter>Header Files\shared</Filter>
    </ClInclude>
    <ClInclude Include="..\repository\shared\SImageWindow_class.h">
      <Filter>Header Files\shared</Filter>
    </ClInclude>
    <ClInclude Include="..\repository\shared\SWindowInfo_class.h">
      <Filter>Header Files\shared</Filter>
    </ClInclude>
    <ClInclude Include="..\repository\shared\SFileStream_class.h">
      <Filter>Header Files\shared</Filter>
    </ClInclude>
    <ClInclude Include="..\repository\shared\SPalette_class.h">
      <Filter>Header Files\shared</Filter>
    </ClInclude>
  </ItemGroup>
  <ItemGroup>
    <Image Include="res\binwidth.bmp">
      <Filter>Resource Files</Filter>
    </Image>
    <Image Include="res\bitmap1.bmp">
      <Filter>Resource Files</Filter>
    </Image>
    <Image Include="RES\BMP00001.BMP">
      <Filter>Resource Files</Filter>
    </Image>
    <Image Include="RES\BMP00002.BMP">
      <Filter>Resource Files</Filter>
    </Image>
    <Image Include="RES\BMP00003.BMP">
      <Filter>Resource Files</Filter>
    </Image>
    <Image Include="RES\BMP00004.BMP">
      <Filter>Resource Files</Filter>
    </Image>
    <Image Include="res\bmp00005.bmp">
      <Filter>Resource Files</Filter>
    </Image>
    <Image Include="res\bmp00006.bmp">
      <Filter>Resource Files</Filter>
    </Image>
    <Image Include="RES\ENTIREIM.BMP">
      <Filter>Resource Files</Filter>
    </Image>
    <Image Include="res\icon1.ico">
      <Filter>Resource Files</Filter>
    </Image>
    <Image Include="RES\IDR_OUTT.ICO">
      <Filter>Resource Files</Filter>
    </Image>
    <Image Include="res\mainfram.bmp">
      <Filter>Resource Files</Filter>
    </Image>
    <Image Include="RES\MSPEC.ICO">
      <Filter>Resource Files</Filter>
    </Image>
    <Image Include="RES\MSPECDOC.ICO">
      <Filter>Resource Files</Filter>
    </Image>
    <Image Include="RES\SELECTED.BMP">
      <Filter>Resource Files</Filter>
    </Image>
    <Image Include="RES\TOENTIRE.BMP">
      <Filter>Resource Files</Filter>
    </Image>
    <Image Include="RES\TOOLBAR.BMP">
      <Filter>Resource Files</Filter>
    </Image>
    <Image Include="res\toolbar1.bmp">
      <Filter>Resource Files</Filter>
    </Image>
    <Image Include="RES\TOSELECT.BMP">
      <Filter>Resource Files</Filter>
    </Image>
    <Image Include="..\repository\windows\RES\MSPEC.ICO">
      <Filter>Resource Files</Filter>
    </Image>
    <Image Include="..\repository\windows\RES\MSPECDOC.ICO">
      <Filter>Resource Files</Filter>
    </Image>
    <Image Include="..\repository\windows\RES\IDR_OUTT.ICO">
      <Filter>Resource Files</Filter>
    </Image>
    <Image Include="..\repository\windows\res\icon1.ico">
      <Filter>Resource Files</Filter>
    </Image>
    <Image Include="..\repository\windows\RES\TOOLBAR.BMP">
      <Filter>Resource Files</Filter>
    </Image>
    <Image Include="..\repository\windows\RES\ENTIREIM.BMP">
      <Filter>Resource Files</Filter>
    </Image>
    <Image Include="..\repository\windows\RES\BMP00001.BMP">
      <Filter>Resource Files</Filter>
    </Image>
    <Image Include="..\repository\windows\RES\BMP00002.BMP">
      <Filter>Resource Files</Filter>
    </Image>
    <Image Include="..\repository\windows\RES\SELECTED.BMP">
      <Filter>Resource Files</Filter>
    </Image>
    <Image Include="..\repository\windows\RES\TOSELECT.BMP">
      <Filter>Resource Files</Filter>
    </Image>
    <Image Include="..\repository\windows\RES\BMP00003.BMP">
      <Filter>Resource Files</Filter>
    </Image>
    <Image Include="..\repository\windows\RES\TOENTIRE.BMP">
      <Filter>Resource Files</Filter>
    </Image>
    <Image Include="..\repository\windows\RES\BMP00004.BMP">
      <Filter>Resource Files</Filter>
    </Image>
    <Image Include="..\repository\windows\RES\bmp00005.bmp">
      <Filter>Resource Files</Filter>
    </Image>
    <Image Include="..\repository\windows\res\bitmap1.bmp">
      <Filter>Resource Files</Filter>
    </Image>
    <Image Include="..\repository\windows\res\bmp00006.bmp">
      <Filter>Resource Files</Filter>
    </Image>
    <Image Include="..\repository\windows\res\binwidth.bmp">
      <Filter>Resource Files</Filter>
    </Image>
  </ItemGroup>
  <ItemGroup>
    <None Include="RES\BLINK_OP.CUR">
      <Filter>Resource Files</Filter>
    </None>
    <None Include="RES\BLINK_SH.CUR">
      <Filter>Resource Files</Filter>
    </None>
    <None Include="RES\CROSS_CU.CUR">
      <Filter>Resource Files</Filter>
    </None>
    <None Include="res\cur00001.cur">
      <Filter>Resource Files</Filter>
    </None>
    <None Include="res\epsg_csv.bin">
      <Filter>Resource Files</Filter>
    </None>
    <None Include="res\multspec.rc2">
      <Filter>Resource Files</Filter>
    </None>
    <None Include="res\text1.bin">
      <Filter>Resource Files</Filter>
    </None>
    <None Include="res\epsg_csv\gcs.csv" />
    <None Include="..\repository\windows\RES\CROSS_CU.CUR">
      <Filter>Resource Files</Filter>
    </None>
    <None Include="..\repository\windows\RES\BLINK_OP.CUR">
      <Filter>Resource Files</Filter>
    </None>
    <None Include="..\repository\windows\RES\BLINK_SH.CUR">
      <Filter>Resource Files</Filter>
    </None>
    <None Include="..\repository\windows\res\cur00001.cur">
      <Filter>Resource Files</Filter>
    </None>
  </ItemGroup>
  <ItemGroup>
    <CustomBuild Include="..\HDF42r2\HDF4.2r2\windows\proj\multispec_hdf_64D.lib" />
    <CustomBuild Include="..\HDF42r2\HDF4.2r2\windows\proj\multispec_hdf_64R.lib" />
    <CustomBuild Include="..\HDF42r2\HDF4.2r2\windows\proj\multispec_hdf_D.lib" />
    <CustomBuild Include="..\HDF42r2\HDF4.2r2\windows\proj\multispec_hdf_R.lib" />
  </ItemGroup>
  <ItemGroup>
    <Library Include="..\gdal-2.1.2\gdal_64D.lib" />
    <Library Include="..\gdal-2.1.2\gdal_R.lib" />
    <Library Include="..\gdal-2.1.2\gdal_D.lib" />
    <Library Include="..\gdal-2.1.2\gdal_64R.lib" />
  </ItemGroup>
  <ItemGroup>
    <ResourceCompile Include="..\repository\windows\Multspec.rc">
      <Filter>Source Files\windows</Filter>
    </ResourceCompile>
  </ItemGroup>
</Project>